// !$*UTF8*$!
{
	archiveVersion = 1;
	classes = {
	};
	objectVersion = 50;
	objects = {

/* Begin PBXBuildFile section */
		60CAF536240838AC0021FA6F /* AppDelegate.swift in Sources */ = {isa = PBXBuildFile; fileRef = 60CAF535240838AC0021FA6F /* AppDelegate.swift */; };
		60CAF538240838AC0021FA6F /* SceneDelegate.swift in Sources */ = {isa = PBXBuildFile; fileRef = 60CAF537240838AC0021FA6F /* SceneDelegate.swift */; };
		60CAF53F240838AE0021FA6F /* Assets.xcassets in Resources */ = {isa = PBXBuildFile; fileRef = 60CAF53E240838AE0021FA6F /* Assets.xcassets */; };
		60CAF542240838AE0021FA6F /* LaunchScreen.storyboard in Resources */ = {isa = PBXBuildFile; fileRef = 60CAF540240838AE0021FA6F /* LaunchScreen.storyboard */; };
		60CAF54D240838AE0021FA6F /* WeatherTests.swift in Sources */ = {isa = PBXBuildFile; fileRef = 60CAF54C240838AE0021FA6F /* WeatherTests.swift */; };
		60CAF56624083BD70021FA6F /* MainViewController.View.swift in Sources */ = {isa = PBXBuildFile; fileRef = 60CAF56424083BD70021FA6F /* MainViewController.View.swift */; };
		60CAF56724083BD70021FA6F /* MainViewController.swift in Sources */ = {isa = PBXBuildFile; fileRef = 60CAF56524083BD70021FA6F /* MainViewController.swift */; };
		60CAF56D24083C260021FA6F /* Collection+Tools.swift in Sources */ = {isa = PBXBuildFile; fileRef = 60CAF56C24083C260021FA6F /* Collection+Tools.swift */; };
		60CAF58924083C480021FA6F /* UIView+LayoutAreaType.swift in Sources */ = {isa = PBXBuildFile; fileRef = 60CAF57024083C480021FA6F /* UIView+LayoutAreaType.swift */; };
		60CAF58A24083C480021FA6F /* UIView.Edge.swift in Sources */ = {isa = PBXBuildFile; fileRef = 60CAF57124083C480021FA6F /* UIView.Edge.swift */; };
		60CAF58B24083C480021FA6F /* UIView.LayoutArea.swift in Sources */ = {isa = PBXBuildFile; fileRef = 60CAF57224083C480021FA6F /* UIView.LayoutArea.swift */; };
		60CAF58C24083C480021FA6F /* UIView+ConstraintRelationsAround.swift in Sources */ = {isa = PBXBuildFile; fileRef = 60CAF57324083C480021FA6F /* UIView+ConstraintRelationsAround.swift */; };
		60CAF58D24083C480021FA6F /* NSLayoutConstraint+AutoLayout.swift in Sources */ = {isa = PBXBuildFile; fileRef = 60CAF57524083C480021FA6F /* NSLayoutConstraint+AutoLayout.swift */; };
		60CAF58E24083C480021FA6F /* NSLayoutYAxisAnchor+AutoLayout.swift in Sources */ = {isa = PBXBuildFile; fileRef = 60CAF57624083C480021FA6F /* NSLayoutYAxisAnchor+AutoLayout.swift */; };
		60CAF58F24083C480021FA6F /* Array+NSLayoutConstraint.swift in Sources */ = {isa = PBXBuildFile; fileRef = 60CAF57724083C480021FA6F /* Array+NSLayoutConstraint.swift */; };
		60CAF59024083C480021FA6F /* NSLayoutXAxisAnchor+AutoLayout.swift in Sources */ = {isa = PBXBuildFile; fileRef = 60CAF57824083C480021FA6F /* NSLayoutXAxisAnchor+AutoLayout.swift */; };
		60CAF59124083C480021FA6F /* Collection+AutoLayout.swift in Sources */ = {isa = PBXBuildFile; fileRef = 60CAF57924083C480021FA6F /* Collection+AutoLayout.swift */; };
		60CAF59224083C480021FA6F /* NSLayoutDimension+AutoLayout.swift in Sources */ = {isa = PBXBuildFile; fileRef = 60CAF57A24083C480021FA6F /* NSLayoutDimension+AutoLayout.swift */; };
		60CAF59324083C480021FA6F /* NSLayoutConstraint+Relations+AutoLayout.swift in Sources */ = {isa = PBXBuildFile; fileRef = 60CAF57B24083C480021FA6F /* NSLayoutConstraint+Relations+AutoLayout.swift */; };
		60CAF59424083C480021FA6F /* UIView+AutoLayoutPinEdges.swift in Sources */ = {isa = PBXBuildFile; fileRef = 60CAF57D24083C480021FA6F /* UIView+AutoLayoutPinEdges.swift */; };
		60CAF59524083C480021FA6F /* UIView+AutoLayoutArea.swift in Sources */ = {isa = PBXBuildFile; fileRef = 60CAF57E24083C480021FA6F /* UIView+AutoLayoutArea.swift */; };
		60CAF59624083C480021FA6F /* UIView+AutoLayoutPinDimensions.swift in Sources */ = {isa = PBXBuildFile; fileRef = 60CAF57F24083C480021FA6F /* UIView+AutoLayoutPinDimensions.swift */; };
		60CAF59724083C480021FA6F /* UIView+AutoLayoutPinCenter.swift in Sources */ = {isa = PBXBuildFile; fileRef = 60CAF58024083C480021FA6F /* UIView+AutoLayoutPinCenter.swift */; };
		60CAF59824083C480021FA6F /* UIView+AutoLayout.swift in Sources */ = {isa = PBXBuildFile; fileRef = 60CAF58124083C480021FA6F /* UIView+AutoLayout.swift */; };
		60CAF59924083C480021FA6F /* UIView+AutoLayoutPinAlign.swift in Sources */ = {isa = PBXBuildFile; fileRef = 60CAF58224083C480021FA6F /* UIView+AutoLayoutPinAlign.swift */; };
		60CAF59A24083C480021FA6F /* UIView+AutoLayoutPinRelative.swift in Sources */ = {isa = PBXBuildFile; fileRef = 60CAF58324083C480021FA6F /* UIView+AutoLayoutPinRelative.swift */; };
		60CAF59B24083C480021FA6F /* UICollectionView+Tools.swift in Sources */ = {isa = PBXBuildFile; fileRef = 60CAF58524083C480021FA6F /* UICollectionView+Tools.swift */; };
		60CAF59C24083C480021FA6F /* UITableView+Tools.swift in Sources */ = {isa = PBXBuildFile; fileRef = 60CAF58624083C480021FA6F /* UITableView+Tools.swift */; };
		60CAF59D24083C480021FA6F /* UIEdgeInsets+Tools.swift in Sources */ = {isa = PBXBuildFile; fileRef = 60CAF58724083C480021FA6F /* UIEdgeInsets+Tools.swift */; };
		60CAF59E24083C480021FA6F /* NSDirectionalEdgeInsets+Tools.swift in Sources */ = {isa = PBXBuildFile; fileRef = 60CAF58824083C480021FA6F /* NSDirectionalEdgeInsets+Tools.swift */; };
/* End PBXBuildFile section */

/* Begin PBXContainerItemProxy section */
		60CAF549240838AE0021FA6F /* PBXContainerItemProxy */ = {
			isa = PBXContainerItemProxy;
			containerPortal = 60CAF52A240838AC0021FA6F /* Project object */;
			proxyType = 1;
			remoteGlobalIDString = 60CAF531240838AC0021FA6F;
			remoteInfo = Weather;
		};
/* End PBXContainerItemProxy section */

/* Begin PBXFileReference section */
		60CAF532240838AC0021FA6F /* Weather.app */ = {isa = PBXFileReference; explicitFileType = wrapper.application; includeInIndex = 0; path = Weather.app; sourceTree = BUILT_PRODUCTS_DIR; };
		60CAF535240838AC0021FA6F /* AppDelegate.swift */ = {isa = PBXFileReference; lastKnownFileType = sourcecode.swift; path = AppDelegate.swift; sourceTree = "<group>"; };
		60CAF537240838AC0021FA6F /* SceneDelegate.swift */ = {isa = PBXFileReference; lastKnownFileType = sourcecode.swift; path = SceneDelegate.swift; sourceTree = "<group>"; };
		60CAF53E240838AE0021FA6F /* Assets.xcassets */ = {isa = PBXFileReference; lastKnownFileType = folder.assetcatalog; path = Assets.xcassets; sourceTree = "<group>"; };
		60CAF541240838AE0021FA6F /* Base */ = {isa = PBXFileReference; lastKnownFileType = file.storyboard; name = Base; path = Base.lproj/LaunchScreen.storyboard; sourceTree = "<group>"; };
		60CAF543240838AE0021FA6F /* Info.plist */ = {isa = PBXFileReference; lastKnownFileType = text.plist.xml; path = Info.plist; sourceTree = "<group>"; };
		60CAF548240838AE0021FA6F /* WeatherTests.xctest */ = {isa = PBXFileReference; explicitFileType = wrapper.cfbundle; includeInIndex = 0; path = WeatherTests.xctest; sourceTree = BUILT_PRODUCTS_DIR; };
		60CAF54C240838AE0021FA6F /* WeatherTests.swift */ = {isa = PBXFileReference; lastKnownFileType = sourcecode.swift; path = WeatherTests.swift; sourceTree = "<group>"; };
		60CAF54E240838AE0021FA6F /* Info.plist */ = {isa = PBXFileReference; lastKnownFileType = text.plist.xml; path = Info.plist; sourceTree = "<group>"; };
		60CAF56424083BD70021FA6F /* MainViewController.View.swift */ = {isa = PBXFileReference; lastKnownFileType = sourcecode.swift; path = MainViewController.View.swift; sourceTree = "<group>"; };
		60CAF56524083BD70021FA6F /* MainViewController.swift */ = {isa = PBXFileReference; lastKnownFileType = sourcecode.swift; path = MainViewController.swift; sourceTree = "<group>"; };
		60CAF56C24083C260021FA6F /* Collection+Tools.swift */ = {isa = PBXFileReference; lastKnownFileType = sourcecode.swift; path = "Collection+Tools.swift"; sourceTree = "<group>"; };
		60CAF57024083C480021FA6F /* UIView+LayoutAreaType.swift */ = {isa = PBXFileReference; fileEncoding = 4; lastKnownFileType = sourcecode.swift; path = "UIView+LayoutAreaType.swift"; sourceTree = "<group>"; };
		60CAF57124083C480021FA6F /* UIView.Edge.swift */ = {isa = PBXFileReference; fileEncoding = 4; lastKnownFileType = sourcecode.swift; path = UIView.Edge.swift; sourceTree = "<group>"; };
		60CAF57224083C480021FA6F /* UIView.LayoutArea.swift */ = {isa = PBXFileReference; fileEncoding = 4; lastKnownFileType = sourcecode.swift; path = UIView.LayoutArea.swift; sourceTree = "<group>"; };
		60CAF57324083C480021FA6F /* UIView+ConstraintRelationsAround.swift */ = {isa = PBXFileReference; fileEncoding = 4; lastKnownFileType = sourcecode.swift; path = "UIView+ConstraintRelationsAround.swift"; sourceTree = "<group>"; };
		60CAF57524083C480021FA6F /* NSLayoutConstraint+AutoLayout.swift */ = {isa = PBXFileReference; fileEncoding = 4; lastKnownFileType = sourcecode.swift; path = "NSLayoutConstraint+AutoLayout.swift"; sourceTree = "<group>"; };
		60CAF57624083C480021FA6F /* NSLayoutYAxisAnchor+AutoLayout.swift */ = {isa = PBXFileReference; fileEncoding = 4; lastKnownFileType = sourcecode.swift; path = "NSLayoutYAxisAnchor+AutoLayout.swift"; sourceTree = "<group>"; };
		60CAF57724083C480021FA6F /* Array+NSLayoutConstraint.swift */ = {isa = PBXFileReference; fileEncoding = 4; lastKnownFileType = sourcecode.swift; path = "Array+NSLayoutConstraint.swift"; sourceTree = "<group>"; };
		60CAF57824083C480021FA6F /* NSLayoutXAxisAnchor+AutoLayout.swift */ = {isa = PBXFileReference; fileEncoding = 4; lastKnownFileType = sourcecode.swift; path = "NSLayoutXAxisAnchor+AutoLayout.swift"; sourceTree = "<group>"; };
		60CAF57924083C480021FA6F /* Collection+AutoLayout.swift */ = {isa = PBXFileReference; fileEncoding = 4; lastKnownFileType = sourcecode.swift; path = "Collection+AutoLayout.swift"; sourceTree = "<group>"; };
		60CAF57A24083C480021FA6F /* NSLayoutDimension+AutoLayout.swift */ = {isa = PBXFileReference; fileEncoding = 4; lastKnownFileType = sourcecode.swift; path = "NSLayoutDimension+AutoLayout.swift"; sourceTree = "<group>"; };
		60CAF57B24083C480021FA6F /* NSLayoutConstraint+Relations+AutoLayout.swift */ = {isa = PBXFileReference; fileEncoding = 4; lastKnownFileType = sourcecode.swift; path = "NSLayoutConstraint+Relations+AutoLayout.swift"; sourceTree = "<group>"; };
		60CAF57D24083C480021FA6F /* UIView+AutoLayoutPinEdges.swift */ = {isa = PBXFileReference; fileEncoding = 4; lastKnownFileType = sourcecode.swift; path = "UIView+AutoLayoutPinEdges.swift"; sourceTree = "<group>"; };
		60CAF57E24083C480021FA6F /* UIView+AutoLayoutArea.swift */ = {isa = PBXFileReference; fileEncoding = 4; lastKnownFileType = sourcecode.swift; path = "UIView+AutoLayoutArea.swift"; sourceTree = "<group>"; };
		60CAF57F24083C480021FA6F /* UIView+AutoLayoutPinDimensions.swift */ = {isa = PBXFileReference; fileEncoding = 4; lastKnownFileType = sourcecode.swift; path = "UIView+AutoLayoutPinDimensions.swift"; sourceTree = "<group>"; };
		60CAF58024083C480021FA6F /* UIView+AutoLayoutPinCenter.swift */ = {isa = PBXFileReference; fileEncoding = 4; lastKnownFileType = sourcecode.swift; path = "UIView+AutoLayoutPinCenter.swift"; sourceTree = "<group>"; };
		60CAF58124083C480021FA6F /* UIView+AutoLayout.swift */ = {isa = PBXFileReference; fileEncoding = 4; lastKnownFileType = sourcecode.swift; path = "UIView+AutoLayout.swift"; sourceTree = "<group>"; };
		60CAF58224083C480021FA6F /* UIView+AutoLayoutPinAlign.swift */ = {isa = PBXFileReference; fileEncoding = 4; lastKnownFileType = sourcecode.swift; path = "UIView+AutoLayoutPinAlign.swift"; sourceTree = "<group>"; };
		60CAF58324083C480021FA6F /* UIView+AutoLayoutPinRelative.swift */ = {isa = PBXFileReference; fileEncoding = 4; lastKnownFileType = sourcecode.swift; path = "UIView+AutoLayoutPinRelative.swift"; sourceTree = "<group>"; };
		60CAF58524083C480021FA6F /* UICollectionView+Tools.swift */ = {isa = PBXFileReference; fileEncoding = 4; lastKnownFileType = sourcecode.swift; path = "UICollectionView+Tools.swift"; sourceTree = "<group>"; };
		60CAF58624083C480021FA6F /* UITableView+Tools.swift */ = {isa = PBXFileReference; fileEncoding = 4; lastKnownFileType = sourcecode.swift; path = "UITableView+Tools.swift"; sourceTree = "<group>"; };
		60CAF58724083C480021FA6F /* UIEdgeInsets+Tools.swift */ = {isa = PBXFileReference; fileEncoding = 4; lastKnownFileType = sourcecode.swift; path = "UIEdgeInsets+Tools.swift"; sourceTree = "<group>"; };
		60CAF58824083C480021FA6F /* NSDirectionalEdgeInsets+Tools.swift */ = {isa = PBXFileReference; fileEncoding = 4; lastKnownFileType = sourcecode.swift; path = "NSDirectionalEdgeInsets+Tools.swift"; sourceTree = "<group>"; };
/* End PBXFileReference section */

/* Begin PBXFrameworksBuildPhase section */
		60CAF52F240838AC0021FA6F /* Frameworks */ = {
			isa = PBXFrameworksBuildPhase;
			buildActionMask = 2147483647;
			files = (
			);
			runOnlyForDeploymentPostprocessing = 0;
		};
		60CAF545240838AE0021FA6F /* Frameworks */ = {
			isa = PBXFrameworksBuildPhase;
			buildActionMask = 2147483647;
			files = (
			);
			runOnlyForDeploymentPostprocessing = 0;
		};
/* End PBXFrameworksBuildPhase section */

/* Begin PBXGroup section */
		60CAF529240838AC0021FA6F = {
			isa = PBXGroup;
			children = (
				60CAF534240838AC0021FA6F /* Weather */,
				60CAF54B240838AE0021FA6F /* WeatherTests */,
				60CAF533240838AC0021FA6F /* Products */,
			);
			sourceTree = "<group>";
		};
		60CAF533240838AC0021FA6F /* Products */ = {
			isa = PBXGroup;
			children = (
				60CAF532240838AC0021FA6F /* Weather.app */,
				60CAF548240838AE0021FA6F /* WeatherTests.xctest */,
			);
			name = Products;
			sourceTree = "<group>";
		};
		60CAF534240838AC0021FA6F /* Weather */ = {
			isa = PBXGroup;
			children = (
				60CAF56824083BF80021FA6F /* Framework Candidates */,
				60CAF557240838F20021FA6F /* App */,
				60CAF558240838F60021FA6F /* Modules */,
				60CAF55B240839120021FA6F /* Supporting Files */,
			);
			path = Weather;
			sourceTree = "<group>";
		};
		60CAF54B240838AE0021FA6F /* WeatherTests */ = {
			isa = PBXGroup;
			children = (
				60CAF54C240838AE0021FA6F /* WeatherTests.swift */,
				60CAF54E240838AE0021FA6F /* Info.plist */,
			);
			path = WeatherTests;
			sourceTree = "<group>";
		};
		60CAF557240838F20021FA6F /* App */ = {
			isa = PBXGroup;
			children = (
				60CAF559240838FF0021FA6F /* System */,
			);
			path = App;
			sourceTree = "<group>";
		};
		60CAF558240838F60021FA6F /* Modules */ = {
			isa = PBXGroup;
			children = (
				60CAF55A240839090021FA6F /* Main */,
			);
			path = Modules;
			sourceTree = "<group>";
		};
		60CAF559240838FF0021FA6F /* System */ = {
			isa = PBXGroup;
			children = (
				60CAF535240838AC0021FA6F /* AppDelegate.swift */,
				60CAF537240838AC0021FA6F /* SceneDelegate.swift */,
			);
			path = System;
			sourceTree = "<group>";
		};
		60CAF55A240839090021FA6F /* Main */ = {
			isa = PBXGroup;
			children = (
				60CAF56424083BD70021FA6F /* MainViewController.View.swift */,
				60CAF56524083BD70021FA6F /* MainViewController.swift */,
			);
			path = Main;
			sourceTree = "<group>";
		};
		60CAF55B240839120021FA6F /* Supporting Files */ = {
			isa = PBXGroup;
			children = (
				60CAF540240838AE0021FA6F /* LaunchScreen.storyboard */,
				60CAF543240838AE0021FA6F /* Info.plist */,
				60CAF53E240838AE0021FA6F /* Assets.xcassets */,
			);
			path = "Supporting Files";
			sourceTree = "<group>";
		};
		60CAF56824083BF80021FA6F /* Framework Candidates */ = {
			isa = PBXGroup;
			children = (
				60CAF56A24083C0B0021FA6F /* Core UI */,
				60CAF56924083C050021FA6F /* Core Logic */,
			);
			path = "Framework Candidates";
			sourceTree = "<group>";
		};
		60CAF56924083C050021FA6F /* Core Logic */ = {
			isa = PBXGroup;
			children = (
				60CAF56B24083C1A0021FA6F /* Extensions */,
			);
			path = "Core Logic";
			sourceTree = "<group>";
		};
		60CAF56A24083C0B0021FA6F /* Core UI */ = {
			isa = PBXGroup;
			children = (
				60CAF56E24083C480021FA6F /* Auto layout */,
				60CAF58424083C480021FA6F /* Extensions */,
			);
			path = "Core UI";
			sourceTree = "<group>";
		};
		60CAF56B24083C1A0021FA6F /* Extensions */ = {
			isa = PBXGroup;
			children = (
				60CAF56C24083C260021FA6F /* Collection+Tools.swift */,
			);
			path = Extensions;
			sourceTree = "<group>";
		};
		60CAF56E24083C480021FA6F /* Auto layout */ = {
			isa = PBXGroup;
			children = (
				60CAF56F24083C480021FA6F /* Models */,
				60CAF57424083C480021FA6F /* Extensions */,
				60CAF57C24083C480021FA6F /* Pinning */,
			);
			name = "Auto layout";
			path = "../../../../../HeartstoneAssessment/Heartstone/Hearthstone/Frameworks/UISupport/Auto layout";
			sourceTree = "<group>";
		};
		60CAF56F24083C480021FA6F /* Models */ = {
			isa = PBXGroup;
			children = (
				60CAF57024083C480021FA6F /* UIView+LayoutAreaType.swift */,
				60CAF57124083C480021FA6F /* UIView.Edge.swift */,
				60CAF57224083C480021FA6F /* UIView.LayoutArea.swift */,
				60CAF57324083C480021FA6F /* UIView+ConstraintRelationsAround.swift */,
			);
			path = Models;
			sourceTree = "<group>";
		};
		60CAF57424083C480021FA6F /* Extensions */ = {
			isa = PBXGroup;
			children = (
				60CAF57524083C480021FA6F /* NSLayoutConstraint+AutoLayout.swift */,
				60CAF57624083C480021FA6F /* NSLayoutYAxisAnchor+AutoLayout.swift */,
				60CAF57724083C480021FA6F /* Array+NSLayoutConstraint.swift */,
				60CAF57824083C480021FA6F /* NSLayoutXAxisAnchor+AutoLayout.swift */,
				60CAF57924083C480021FA6F /* Collection+AutoLayout.swift */,
				60CAF57A24083C480021FA6F /* NSLayoutDimension+AutoLayout.swift */,
				60CAF57B24083C480021FA6F /* NSLayoutConstraint+Relations+AutoLayout.swift */,
			);
			path = Extensions;
			sourceTree = "<group>";
		};
		60CAF57C24083C480021FA6F /* Pinning */ = {
			isa = PBXGroup;
			children = (
				60CAF57D24083C480021FA6F /* UIView+AutoLayoutPinEdges.swift */,
				60CAF57E24083C480021FA6F /* UIView+AutoLayoutArea.swift */,
				60CAF57F24083C480021FA6F /* UIView+AutoLayoutPinDimensions.swift */,
				60CAF58024083C480021FA6F /* UIView+AutoLayoutPinCenter.swift */,
				60CAF58124083C480021FA6F /* UIView+AutoLayout.swift */,
				60CAF58224083C480021FA6F /* UIView+AutoLayoutPinAlign.swift */,
				60CAF58324083C480021FA6F /* UIView+AutoLayoutPinRelative.swift */,
			);
			path = Pinning;
			sourceTree = "<group>";
		};
		60CAF58424083C480021FA6F /* Extensions */ = {
			isa = PBXGroup;
			children = (
				60CAF58524083C480021FA6F /* UICollectionView+Tools.swift */,
				60CAF58624083C480021FA6F /* UITableView+Tools.swift */,
				60CAF58724083C480021FA6F /* UIEdgeInsets+Tools.swift */,
				60CAF58824083C480021FA6F /* NSDirectionalEdgeInsets+Tools.swift */,
			);
			name = Extensions;
			path = ../../../../../HeartstoneAssessment/Heartstone/Hearthstone/Frameworks/UISupport/Extensions;
			sourceTree = "<group>";
		};
/* End PBXGroup section */

/* Begin PBXNativeTarget section */
		60CAF531240838AC0021FA6F /* Weather */ = {
			isa = PBXNativeTarget;
			buildConfigurationList = 60CAF551240838AE0021FA6F /* Build configuration list for PBXNativeTarget "Weather" */;
			buildPhases = (
				60CAF52E240838AC0021FA6F /* Sources */,
				60CAF52F240838AC0021FA6F /* Frameworks */,
				60CAF530240838AC0021FA6F /* Resources */,
			);
			buildRules = (
			);
			dependencies = (
			);
			name = Weather;
			productName = Weather;
			productReference = 60CAF532240838AC0021FA6F /* Weather.app */;
			productType = "com.apple.product-type.application";
		};
		60CAF547240838AE0021FA6F /* WeatherTests */ = {
			isa = PBXNativeTarget;
			buildConfigurationList = 60CAF554240838AE0021FA6F /* Build configuration list for PBXNativeTarget "WeatherTests" */;
			buildPhases = (
				60CAF544240838AE0021FA6F /* Sources */,
				60CAF545240838AE0021FA6F /* Frameworks */,
				60CAF546240838AE0021FA6F /* Resources */,
			);
			buildRules = (
			);
			dependencies = (
				60CAF54A240838AE0021FA6F /* PBXTargetDependency */,
			);
			name = WeatherTests;
			productName = WeatherTests;
			productReference = 60CAF548240838AE0021FA6F /* WeatherTests.xctest */;
			productType = "com.apple.product-type.bundle.unit-test";
		};
/* End PBXNativeTarget section */

/* Begin PBXProject section */
		60CAF52A240838AC0021FA6F /* Project object */ = {
			isa = PBXProject;
			attributes = {
				LastSwiftUpdateCheck = 1130;
				LastUpgradeCheck = 1130;
				ORGANIZATIONNAME = "Saren Inden";
				TargetAttributes = {
					60CAF531240838AC0021FA6F = {
						CreatedOnToolsVersion = 11.3.1;
					};
					60CAF547240838AE0021FA6F = {
						CreatedOnToolsVersion = 11.3.1;
						TestTargetID = 60CAF531240838AC0021FA6F;
					};
				};
			};
			buildConfigurationList = 60CAF52D240838AC0021FA6F /* Build configuration list for PBXProject "Weather" */;
			compatibilityVersion = "Xcode 9.3";
			developmentRegion = en;
			hasScannedForEncodings = 0;
			knownRegions = (
				en,
				Base,
			);
			mainGroup = 60CAF529240838AC0021FA6F;
			productRefGroup = 60CAF533240838AC0021FA6F /* Products */;
			projectDirPath = "";
			projectRoot = "";
			targets = (
				60CAF531240838AC0021FA6F /* Weather */,
				60CAF547240838AE0021FA6F /* WeatherTests */,
			);
		};
/* End PBXProject section */

/* Begin PBXResourcesBuildPhase section */
		60CAF530240838AC0021FA6F /* Resources */ = {
			isa = PBXResourcesBuildPhase;
			buildActionMask = 2147483647;
			files = (
				60CAF542240838AE0021FA6F /* LaunchScreen.storyboard in Resources */,
				60CAF53F240838AE0021FA6F /* Assets.xcassets in Resources */,
			);
			runOnlyForDeploymentPostprocessing = 0;
		};
		60CAF546240838AE0021FA6F /* Resources */ = {
			isa = PBXResourcesBuildPhase;
			buildActionMask = 2147483647;
			files = (
			);
			runOnlyForDeploymentPostprocessing = 0;
		};
/* End PBXResourcesBuildPhase section */

/* Begin PBXSourcesBuildPhase section */
		60CAF52E240838AC0021FA6F /* Sources */ = {
			isa = PBXSourcesBuildPhase;
			buildActionMask = 2147483647;
			files = (
				60CAF58B24083C480021FA6F /* UIView.LayoutArea.swift in Sources */,
				60CAF56D24083C260021FA6F /* Collection+Tools.swift in Sources */,
				60CAF59524083C480021FA6F /* UIView+AutoLayoutArea.swift in Sources */,
				60CAF58924083C480021FA6F /* UIView+LayoutAreaType.swift in Sources */,
				60CAF58F24083C480021FA6F /* Array+NSLayoutConstraint.swift in Sources */,
				60CAF59124083C480021FA6F /* Collection+AutoLayout.swift in Sources */,
				60CAF59624083C480021FA6F /* UIView+AutoLayoutPinDimensions.swift in Sources */,
				60CAF536240838AC0021FA6F /* AppDelegate.swift in Sources */,
				60CAF59E24083C480021FA6F /* NSDirectionalEdgeInsets+Tools.swift in Sources */,
				60CAF538240838AC0021FA6F /* SceneDelegate.swift in Sources */,
				60CAF59224083C480021FA6F /* NSLayoutDimension+AutoLayout.swift in Sources */,
				60CAF59824083C480021FA6F /* UIView+AutoLayout.swift in Sources */,
				60CAF56624083BD70021FA6F /* MainViewController.View.swift in Sources */,
				60CAF59024083C480021FA6F /* NSLayoutXAxisAnchor+AutoLayout.swift in Sources */,
				60CAF59C24083C480021FA6F /* UITableView+Tools.swift in Sources */,
				60CAF59324083C480021FA6F /* NSLayoutConstraint+Relations+AutoLayout.swift in Sources */,
				60CAF59A24083C480021FA6F /* UIView+AutoLayoutPinRelative.swift in Sources */,
				60CAF59D24083C480021FA6F /* UIEdgeInsets+Tools.swift in Sources */,
				60CAF58D24083C480021FA6F /* NSLayoutConstraint+AutoLayout.swift in Sources */,
				60CAF59B24083C480021FA6F /* UICollectionView+Tools.swift in Sources */,
				60CAF59424083C480021FA6F /* UIView+AutoLayoutPinEdges.swift in Sources */,
				60CAF58A24083C480021FA6F /* UIView.Edge.swift in Sources */,
				60CAF59924083C480021FA6F /* UIView+AutoLayoutPinAlign.swift in Sources */,
				60CAF59724083C480021FA6F /* UIView+AutoLayoutPinCenter.swift in Sources */,
				60CAF56724083BD70021FA6F /* MainViewController.swift in Sources */,
				60CAF58C24083C480021FA6F /* UIView+ConstraintRelationsAround.swift in Sources */,
				60CAF58E24083C480021FA6F /* NSLayoutYAxisAnchor+AutoLayout.swift in Sources */,
			);
			runOnlyForDeploymentPostprocessing = 0;
		};
		60CAF544240838AE0021FA6F /* Sources */ = {
			isa = PBXSourcesBuildPhase;
			buildActionMask = 2147483647;
			files = (
				60CAF54D240838AE0021FA6F /* WeatherTests.swift in Sources */,
			);
			runOnlyForDeploymentPostprocessing = 0;
		};
/* End PBXSourcesBuildPhase section */

/* Begin PBXTargetDependency section */
		60CAF54A240838AE0021FA6F /* PBXTargetDependency */ = {
			isa = PBXTargetDependency;
			target = 60CAF531240838AC0021FA6F /* Weather */;
			targetProxy = 60CAF549240838AE0021FA6F /* PBXContainerItemProxy */;
		};
/* End PBXTargetDependency section */

/* Begin PBXVariantGroup section */
		60CAF540240838AE0021FA6F /* LaunchScreen.storyboard */ = {
			isa = PBXVariantGroup;
			children = (
				60CAF541240838AE0021FA6F /* Base */,
			);
			name = LaunchScreen.storyboard;
			sourceTree = "<group>";
		};
/* End PBXVariantGroup section */

/* Begin XCBuildConfiguration section */
		60CAF54F240838AE0021FA6F /* Debug */ = {
			isa = XCBuildConfiguration;
			buildSettings = {
				ALWAYS_SEARCH_USER_PATHS = NO;
				CLANG_ANALYZER_NONNULL = YES;
				CLANG_ANALYZER_NUMBER_OBJECT_CONVERSION = YES_AGGRESSIVE;
				CLANG_CXX_LANGUAGE_STANDARD = "gnu++14";
				CLANG_CXX_LIBRARY = "libc++";
				CLANG_ENABLE_MODULES = YES;
				CLANG_ENABLE_OBJC_ARC = YES;
				CLANG_ENABLE_OBJC_WEAK = YES;
				CLANG_WARN_BLOCK_CAPTURE_AUTORELEASING = YES;
				CLANG_WARN_BOOL_CONVERSION = YES;
				CLANG_WARN_COMMA = YES;
				CLANG_WARN_CONSTANT_CONVERSION = YES;
				CLANG_WARN_DEPRECATED_OBJC_IMPLEMENTATIONS = YES;
				CLANG_WARN_DIRECT_OBJC_ISA_USAGE = YES_ERROR;
				CLANG_WARN_DOCUMENTATION_COMMENTS = YES;
				CLANG_WARN_EMPTY_BODY = YES;
				CLANG_WARN_ENUM_CONVERSION = YES;
				CLANG_WARN_INFINITE_RECURSION = YES;
				CLANG_WARN_INT_CONVERSION = YES;
				CLANG_WARN_NON_LITERAL_NULL_CONVERSION = YES;
				CLANG_WARN_OBJC_IMPLICIT_RETAIN_SELF = YES;
				CLANG_WARN_OBJC_LITERAL_CONVERSION = YES;
				CLANG_WARN_OBJC_ROOT_CLASS = YES_ERROR;
				CLANG_WARN_RANGE_LOOP_ANALYSIS = YES;
				CLANG_WARN_STRICT_PROTOTYPES = YES;
				CLANG_WARN_SUSPICIOUS_MOVE = YES;
				CLANG_WARN_UNGUARDED_AVAILABILITY = YES_AGGRESSIVE;
				CLANG_WARN_UNREACHABLE_CODE = YES;
				CLANG_WARN__DUPLICATE_METHOD_MATCH = YES;
				COPY_PHASE_STRIP = NO;
				DEBUG_INFORMATION_FORMAT = dwarf;
				ENABLE_STRICT_OBJC_MSGSEND = YES;
				ENABLE_TESTABILITY = YES;
				GCC_C_LANGUAGE_STANDARD = gnu11;
				GCC_DYNAMIC_NO_PIC = NO;
				GCC_NO_COMMON_BLOCKS = YES;
				GCC_OPTIMIZATION_LEVEL = 0;
				GCC_PREPROCESSOR_DEFINITIONS = (
					"DEBUG=1",
					"$(inherited)",
				);
				GCC_WARN_64_TO_32_BIT_CONVERSION = YES;
				GCC_WARN_ABOUT_RETURN_TYPE = YES_ERROR;
				GCC_WARN_UNDECLARED_SELECTOR = YES;
				GCC_WARN_UNINITIALIZED_AUTOS = YES_AGGRESSIVE;
				GCC_WARN_UNUSED_FUNCTION = YES;
				GCC_WARN_UNUSED_VARIABLE = YES;
				IPHONEOS_DEPLOYMENT_TARGET = 13.2;
				MTL_ENABLE_DEBUG_INFO = INCLUDE_SOURCE;
				MTL_FAST_MATH = YES;
				ONLY_ACTIVE_ARCH = YES;
				SDKROOT = iphoneos;
				SWIFT_ACTIVE_COMPILATION_CONDITIONS = DEBUG;
				SWIFT_OPTIMIZATION_LEVEL = "-Onone";
			};
			name = Debug;
		};
		60CAF550240838AE0021FA6F /* Release */ = {
			isa = XCBuildConfiguration;
			buildSettings = {
				ALWAYS_SEARCH_USER_PATHS = NO;
				CLANG_ANALYZER_NONNULL = YES;
				CLANG_ANALYZER_NUMBER_OBJECT_CONVERSION = YES_AGGRESSIVE;
				CLANG_CXX_LANGUAGE_STANDARD = "gnu++14";
				CLANG_CXX_LIBRARY = "libc++";
				CLANG_ENABLE_MODULES = YES;
				CLANG_ENABLE_OBJC_ARC = YES;
				CLANG_ENABLE_OBJC_WEAK = YES;
				CLANG_WARN_BLOCK_CAPTURE_AUTORELEASING = YES;
				CLANG_WARN_BOOL_CONVERSION = YES;
				CLANG_WARN_COMMA = YES;
				CLANG_WARN_CONSTANT_CONVERSION = YES;
				CLANG_WARN_DEPRECATED_OBJC_IMPLEMENTATIONS = YES;
				CLANG_WARN_DIRECT_OBJC_ISA_USAGE = YES_ERROR;
				CLANG_WARN_DOCUMENTATION_COMMENTS = YES;
				CLANG_WARN_EMPTY_BODY = YES;
				CLANG_WARN_ENUM_CONVERSION = YES;
				CLANG_WARN_INFINITE_RECURSION = YES;
				CLANG_WARN_INT_CONVERSION = YES;
				CLANG_WARN_NON_LITERAL_NULL_CONVERSION = YES;
				CLANG_WARN_OBJC_IMPLICIT_RETAIN_SELF = YES;
				CLANG_WARN_OBJC_LITERAL_CONVERSION = YES;
				CLANG_WARN_OBJC_ROOT_CLASS = YES_ERROR;
				CLANG_WARN_RANGE_LOOP_ANALYSIS = YES;
				CLANG_WARN_STRICT_PROTOTYPES = YES;
				CLANG_WARN_SUSPICIOUS_MOVE = YES;
				CLANG_WARN_UNGUARDED_AVAILABILITY = YES_AGGRESSIVE;
				CLANG_WARN_UNREACHABLE_CODE = YES;
				CLANG_WARN__DUPLICATE_METHOD_MATCH = YES;
				COPY_PHASE_STRIP = NO;
				DEBUG_INFORMATION_FORMAT = "dwarf-with-dsym";
				ENABLE_NS_ASSERTIONS = NO;
				ENABLE_STRICT_OBJC_MSGSEND = YES;
				GCC_C_LANGUAGE_STANDARD = gnu11;
				GCC_NO_COMMON_BLOCKS = YES;
				GCC_WARN_64_TO_32_BIT_CONVERSION = YES;
				GCC_WARN_ABOUT_RETURN_TYPE = YES_ERROR;
				GCC_WARN_UNDECLARED_SELECTOR = YES;
				GCC_WARN_UNINITIALIZED_AUTOS = YES_AGGRESSIVE;
				GCC_WARN_UNUSED_FUNCTION = YES;
				GCC_WARN_UNUSED_VARIABLE = YES;
				IPHONEOS_DEPLOYMENT_TARGET = 13.2;
				MTL_ENABLE_DEBUG_INFO = NO;
				MTL_FAST_MATH = YES;
				SDKROOT = iphoneos;
				SWIFT_COMPILATION_MODE = wholemodule;
				SWIFT_OPTIMIZATION_LEVEL = "-O";
				VALIDATE_PRODUCT = YES;
			};
			name = Release;
		};
		60CAF552240838AE0021FA6F /* Debug */ = {
			isa = XCBuildConfiguration;
			buildSettings = {
				ASSETCATALOG_COMPILER_APPICON_NAME = AppIcon;
				CODE_SIGN_STYLE = Automatic;
				DEVELOPMENT_TEAM = 8XR85L65Y4;
				INFOPLIST_FILE = "Weather/supporting files/Info.plist";
				LD_RUNPATH_SEARCH_PATHS = (
					"$(inherited)",
					"@executable_path/Frameworks",
				);
				PRODUCT_BUNDLE_IDENTIFIER = nl.sareninden.Weather;
				PRODUCT_NAME = "$(TARGET_NAME)";
				SWIFT_VERSION = 5.0;
				TARGETED_DEVICE_FAMILY = "1,2";
			};
			name = Debug;
		};
		60CAF553240838AE0021FA6F /* Release */ = {
			isa = XCBuildConfiguration;
			buildSettings = {
				ASSETCATALOG_COMPILER_APPICON_NAME = AppIcon;
				CODE_SIGN_STYLE = Automatic;
				DEVELOPMENT_TEAM = 8XR85L65Y4;
				INFOPLIST_FILE = "Weather/supporting files/Info.plist";
				LD_RUNPATH_SEARCH_PATHS = (
					"$(inherited)",
					"@executable_path/Frameworks",
				);
				PRODUCT_BUNDLE_IDENTIFIER = nl.sareninden.Weather;
				PRODUCT_NAME = "$(TARGET_NAME)";
				SWIFT_VERSION = 5.0;
				TARGETED_DEVICE_FAMILY = "1,2";
			};
			name = Release;
		};
		60CAF555240838AE0021FA6F /* Debug */ = {
			isa = XCBuildConfiguration;
			buildSettings = {
				ALWAYS_EMBED_SWIFT_STANDARD_LIBRARIES = YES;
				BUNDLE_LOADER = "$(TEST_HOST)";
				CODE_SIGN_STYLE = Automatic;
				DEVELOPMENT_TEAM = 8XR85L65Y4;
				INFOPLIST_FILE = WeatherTests/Info.plist;
				IPHONEOS_DEPLOYMENT_TARGET = 13.2;
				LD_RUNPATH_SEARCH_PATHS = (
					"$(inherited)",
					"@executable_path/Frameworks",
					"@loader_path/Frameworks",
				);
				PRODUCT_BUNDLE_IDENTIFIER = nl.sareninden.WeatherTests;
				PRODUCT_NAME = "$(TARGET_NAME)";
				SWIFT_VERSION = 5.0;
				TARGETED_DEVICE_FAMILY = "1,2";
				TEST_HOST = "$(BUILT_PRODUCTS_DIR)/Weather.app/Weather";
			};
			name = Debug;
		};
		60CAF556240838AE0021FA6F /* Release */ = {
			isa = XCBuildConfiguration;
			buildSettings = {
				ALWAYS_EMBED_SWIFT_STANDARD_LIBRARIES = YES;
				BUNDLE_LOADER = "$(TEST_HOST)";
				CODE_SIGN_STYLE = Automatic;
				DEVELOPMENT_TEAM = 8XR85L65Y4;
				INFOPLIST_FILE = WeatherTests/Info.plist;
				IPHONEOS_DEPLOYMENT_TARGET = 13.2;
				LD_RUNPATH_SEARCH_PATHS = (
					"$(inherited)",
					"@executable_path/Frameworks",
					"@loader_path/Frameworks",
				);
				PRODUCT_BUNDLE_IDENTIFIER = nl.sareninden.WeatherTests;
				PRODUCT_NAME = "$(TARGET_NAME)";
				SWIFT_VERSION = 5.0;
				TARGETED_DEVICE_FAMILY = "1,2";
				TEST_HOST = "$(BUILT_PRODUCTS_DIR)/Weather.app/Weather";
			};
			name = Release;
		};
/* End XCBuildConfiguration section */

/* Begin XCConfigurationList section */
		60CAF52D240838AC0021FA6F /* Build configuration list for PBXProject "Weather" */ = {
			isa = XCConfigurationList;
			buildConfigurations = (
				60CAF54F240838AE0021FA6F /* Debug */,
				60CAF550240838AE0021FA6F /* Release */,
			);
			defaultConfigurationIsVisible = 0;
			defaultConfigurationName = Release;
		};
		60CAF551240838AE0021FA6F /* Build configuration list for PBXNativeTarget "Weather" */ = {
			isa = XCConfigurationList;
			buildConfigurations = (
				60CAF552240838AE0021FA6F /* Debug */,
				60CAF553240838AE0021FA6F /* Release */,
			);
			defaultConfigurationIsVisible = 0;
			defaultConfigurationName = Release;
		};
		60CAF554240838AE0021FA6F /* Build configuration list for PBXNativeTarget "WeatherTests" */ = {
			isa = XCConfigurationList;
			buildConfigurations = (
				60CAF555240838AE0021FA6F /* Debug */,
				60CAF556240838AE0021FA6F /* Release */,
			);
			defaultConfigurationIsVisible = 0;
			defaultConfigurationName = Release;
		};
/* End XCConfigurationList section */
	};
	rootObject = 60CAF52A240838AC0021FA6F /* Project object */;
}
