// !$*UTF8*$!
{
	archiveVersion = 1;
	classes = {
	};
	objectVersion = 50;
	objects = {

/* Begin PBXBuildFile section */
		5990FB413A5126F5A12D5D65 /* Pods_Weather.framework in Frameworks */ = {isa = PBXBuildFile; fileRef = F62BCFF5CB845FBABDFCAB8E /* Pods_Weather.framework */; };
		601B6B98240AECAA00E07BF4 /* RootSideMenuModel.swift in Sources */ = {isa = PBXBuildFile; fileRef = 601B6B97240AECAA00E07BF4 /* RootSideMenuModel.swift */; };
		601B6B9A240AEDA100E07BF4 /* RootViewContainer.swift in Sources */ = {isa = PBXBuildFile; fileRef = 601B6B99240AEDA100E07BF4 /* RootViewContainer.swift */; };
		6034ED04240AE9B900C0F3D2 /* RootViewController.swift in Sources */ = {isa = PBXBuildFile; fileRef = 6034ED03240AE9B900C0F3D2 /* RootViewController.swift */; };
		603C715124095D6F005892D7 /* SettingsTableCell.swift in Sources */ = {isa = PBXBuildFile; fileRef = 603C715024095D6F005892D7 /* SettingsTableCell.swift */; };
		603C71552409620C005892D7 /* CityDetailsViewController.View.swift in Sources */ = {isa = PBXBuildFile; fileRef = 603C71532409620C005892D7 /* CityDetailsViewController.View.swift */; };
		603C71562409620C005892D7 /* CityDetailsViewController.swift in Sources */ = {isa = PBXBuildFile; fileRef = 603C71542409620C005892D7 /* CityDetailsViewController.swift */; };
		603C715824096217005892D7 /* CityDetailsPresenter.swift in Sources */ = {isa = PBXBuildFile; fileRef = 603C715724096217005892D7 /* CityDetailsPresenter.swift */; };
		603C715A2409622F005892D7 /* CityDetailsViewModel.swift in Sources */ = {isa = PBXBuildFile; fileRef = 603C71592409622F005892D7 /* CityDetailsViewModel.swift */; };
		603C715D240963E0005892D7 /* CityDetailTableAdapter.swift in Sources */ = {isa = PBXBuildFile; fileRef = 603C715C240963E0005892D7 /* CityDetailTableAdapter.swift */; };
		603C715F24096462005892D7 /* CityDetailTableAdapter.Item.swift in Sources */ = {isa = PBXBuildFile; fileRef = 603C715E24096462005892D7 /* CityDetailTableAdapter.Item.swift */; };
		603C716124096480005892D7 /* CityDetailTableAdapter.Section.swift in Sources */ = {isa = PBXBuildFile; fileRef = 603C716024096480005892D7 /* CityDetailTableAdapter.Section.swift */; };
		603C71642409658B005892D7 /* CityDetailsCityCell.swift in Sources */ = {isa = PBXBuildFile; fileRef = 603C71632409658B005892D7 /* CityDetailsCityCell.swift */; };
		603C716724097E14005892D7 /* WeatherBll.swift in Sources */ = {isa = PBXBuildFile; fileRef = 603C716624097E14005892D7 /* WeatherBll.swift */; };
		603C716A24097EEC005892D7 /* TodayWeather.swift in Sources */ = {isa = PBXBuildFile; fileRef = 603C716924097EEC005892D7 /* TodayWeather.swift */; };
		603C716E24097F02005892D7 /* Coordinates.swift in Sources */ = {isa = PBXBuildFile; fileRef = 603C716D24097F02005892D7 /* Coordinates.swift */; };
		603C717024097FC4005892D7 /* Weather.swift in Sources */ = {isa = PBXBuildFile; fileRef = 603C716F24097FC4005892D7 /* Weather.swift */; };
		603C717224098006005892D7 /* Wind.swift in Sources */ = {isa = PBXBuildFile; fileRef = 603C717124098006005892D7 /* Wind.swift */; };
		603C71742409805E005892D7 /* WeatherDetails.swift in Sources */ = {isa = PBXBuildFile; fileRef = 603C71732409805E005892D7 /* WeatherDetails.swift */; };
		603C717624098153005892D7 /* Clouds.swift in Sources */ = {isa = PBXBuildFile; fileRef = 603C717524098153005892D7 /* Clouds.swift */; };
		603C717824098329005892D7 /* SunTimes.swift in Sources */ = {isa = PBXBuildFile; fileRef = 603C717724098329005892D7 /* SunTimes.swift */; };
		603C717C24099667005892D7 /* HourlyForecasts.swift in Sources */ = {isa = PBXBuildFile; fileRef = 603C717B24099667005892D7 /* HourlyForecasts.swift */; };
		603C7180240997F8005892D7 /* HourlyForecasts.HourlyItem.swift in Sources */ = {isa = PBXBuildFile; fileRef = 603C717F240997F7005892D7 /* HourlyForecasts.HourlyItem.swift */; };
		603C718224099FB2005892D7 /* CityDetailsLoadingCell.swift in Sources */ = {isa = PBXBuildFile; fileRef = 603C718124099FB2005892D7 /* CityDetailsLoadingCell.swift */; };
		603C71852409A296005892D7 /* CellLifecycle.swift in Sources */ = {isa = PBXBuildFile; fileRef = 603C71842409A296005892D7 /* CellLifecycle.swift */; };
		603C71872409A5F0005892D7 /* CityDetailsErrorCell.swift in Sources */ = {isa = PBXBuildFile; fileRef = 603C71862409A5F0005892D7 /* CityDetailsErrorCell.swift */; };
		603C718B2409B086005892D7 /* WeatherIdToSymbolHelper.swift in Sources */ = {isa = PBXBuildFile; fileRef = 603C718A2409B086005892D7 /* WeatherIdToSymbolHelper.swift */; };
		603C718D2409B7E0005892D7 /* CityDetailsCurrentWeatherCell.swift in Sources */ = {isa = PBXBuildFile; fileRef = 603C718C2409B7E0005892D7 /* CityDetailsCurrentWeatherCell.swift */; };
		60874AC4240854AD00C7725A /* CityViewModel.swift in Sources */ = {isa = PBXBuildFile; fileRef = 60874AC3240854AD00C7725A /* CityViewModel.swift */; };
		60874AC72408552200C7725A /* SearchCityCell.swift in Sources */ = {isa = PBXBuildFile; fileRef = 60874AC62408552200C7725A /* SearchCityCell.swift */; };
		60874ACA240855B900C7725A /* SearchCityTableAdapter.swift in Sources */ = {isa = PBXBuildFile; fileRef = 60874AC9240855B900C7725A /* SearchCityTableAdapter.swift */; };
		60874ACD24085AA900C7725A /* KeyboardManager.swift in Sources */ = {isa = PBXBuildFile; fileRef = 60874ACC24085AA900C7725A /* KeyboardManager.swift */; };
		60874ACF24085AB700C7725A /* KeyboardManager+Tools.swift in Sources */ = {isa = PBXBuildFile; fileRef = 60874ACE24085AB700C7725A /* KeyboardManager+Tools.swift */; };
		60874AD224085AEB00C7725A /* WeakHashTable.swift in Sources */ = {isa = PBXBuildFile; fileRef = 60874AD124085AEB00C7725A /* WeakHashTable.swift */; };
		60874AD724085D2900C7725A /* Storage.swift in Sources */ = {isa = PBXBuildFile; fileRef = 60874AD524085D2900C7725A /* Storage.swift */; };
		60874AD824085D2900C7725A /* StorageContainer.swift in Sources */ = {isa = PBXBuildFile; fileRef = 60874AD624085D2900C7725A /* StorageContainer.swift */; };
		60874ADE24085D8400C7725A /* UserDefaults+Codable.swift in Sources */ = {isa = PBXBuildFile; fileRef = 60874ADA24085D8400C7725A /* UserDefaults+Codable.swift */; };
		60874ADF24085D8400C7725A /* UserDefaults+CustomStringConvertibleKeys.swift in Sources */ = {isa = PBXBuildFile; fileRef = 60874ADB24085D8400C7725A /* UserDefaults+CustomStringConvertibleKeys.swift */; };
		60874AE024085D8400C7725A /* UserDefaults+Container.swift in Sources */ = {isa = PBXBuildFile; fileRef = 60874ADC24085D8400C7725A /* UserDefaults+Container.swift */; };
		60874AE124085D8400C7725A /* UserDefaultsKeyProvidable.swift in Sources */ = {isa = PBXBuildFile; fileRef = 60874ADD24085D8400C7725A /* UserDefaultsKeyProvidable.swift */; };
		60874AE324085E9900C7725A /* Codable+Support.swift in Sources */ = {isa = PBXBuildFile; fileRef = 60874AE224085E9900C7725A /* Codable+Support.swift */; };
		60874AE624085ECE00C7725A /* CityStorage.swift in Sources */ = {isa = PBXBuildFile; fileRef = 60874AE524085ECE00C7725A /* CityStorage.swift */; };
		60874AE8240860E600C7725A /* StoredCityCell.swift in Sources */ = {isa = PBXBuildFile; fileRef = 60874AE7240860E600C7725A /* StoredCityCell.swift */; };
		60874AEA240860FB00C7725A /* StoredCityAdapter.swift in Sources */ = {isa = PBXBuildFile; fileRef = 60874AE9240860FB00C7725A /* StoredCityAdapter.swift */; };
		60874AF32409477700C7725A /* Services+ServiceId.swift in Sources */ = {isa = PBXBuildFile; fileRef = 60874AEC2409477700C7725A /* Services+ServiceId.swift */; };
		60874AF42409477700C7725A /* Services.swift in Sources */ = {isa = PBXBuildFile; fileRef = 60874AED2409477700C7725A /* Services.swift */; };
		60874AF52409477700C7725A /* Services+Error.swift in Sources */ = {isa = PBXBuildFile; fileRef = 60874AEE2409477700C7725A /* Services+Error.swift */; };
		60874AF62409477700C7725A /* Service.swift in Sources */ = {isa = PBXBuildFile; fileRef = 60874AF02409477700C7725A /* Service.swift */; };
		60874AF72409477700C7725A /* InitializableService.swift in Sources */ = {isa = PBXBuildFile; fileRef = 60874AF12409477700C7725A /* InitializableService.swift */; };
		60874AF82409477700C7725A /* ServiceProvider.swift in Sources */ = {isa = PBXBuildFile; fileRef = 60874AF22409477700C7725A /* ServiceProvider.swift */; };
		60874AFA24094E3100C7725A /* HomeViewModel.swift in Sources */ = {isa = PBXBuildFile; fileRef = 60874AF924094E3100C7725A /* HomeViewModel.swift */; };
		60874AFC24094F2800C7725A /* HomeViewController.MapAdapter.swift in Sources */ = {isa = PBXBuildFile; fileRef = 60874AFB24094F2800C7725A /* HomeViewController.MapAdapter.swift */; };
		60874AFE24094FE100C7725A /* HomeViewMapAnnotation.swift in Sources */ = {isa = PBXBuildFile; fileRef = 60874AFD24094FE100C7725A /* HomeViewMapAnnotation.swift */; };
		60874B022409586E00C7725A /* SettingsViewController.View.swift in Sources */ = {isa = PBXBuildFile; fileRef = 60874B002409586E00C7725A /* SettingsViewController.View.swift */; };
		60874B032409586E00C7725A /* SettingsViewController.swift in Sources */ = {isa = PBXBuildFile; fileRef = 60874B012409586E00C7725A /* SettingsViewController.swift */; };
		60874B07240958A200C7725A /* SettingsViewModel.swift in Sources */ = {isa = PBXBuildFile; fileRef = 60874B06240958A200C7725A /* SettingsViewModel.swift */; };
		60874B092409590F00C7725A /* CGRect+Tools.swift in Sources */ = {isa = PBXBuildFile; fileRef = 60874B082409590F00C7725A /* CGRect+Tools.swift */; };
		60874B0B2409597F00C7725A /* SettingsTableController.swift in Sources */ = {isa = PBXBuildFile; fileRef = 60874B0A2409597F00C7725A /* SettingsTableController.swift */; };
		60874B0E240959C800C7725A /* SettingsTableController.Section.swift in Sources */ = {isa = PBXBuildFile; fileRef = 60874B0D240959C800C7725A /* SettingsTableController.Section.swift */; };
		60874B10240959E500C7725A /* SettingsTableController.Item.swift in Sources */ = {isa = PBXBuildFile; fileRef = 60874B0F240959E500C7725A /* SettingsTableController.Item.swift */; };
		60CAF536240838AC0021FA6F /* AppDelegate.swift in Sources */ = {isa = PBXBuildFile; fileRef = 60CAF535240838AC0021FA6F /* AppDelegate.swift */; };
		60CAF538240838AC0021FA6F /* SceneDelegate.swift in Sources */ = {isa = PBXBuildFile; fileRef = 60CAF537240838AC0021FA6F /* SceneDelegate.swift */; };
		60CAF53F240838AE0021FA6F /* Assets.xcassets in Resources */ = {isa = PBXBuildFile; fileRef = 60CAF53E240838AE0021FA6F /* Assets.xcassets */; };
		60CAF542240838AE0021FA6F /* LaunchScreen.storyboard in Resources */ = {isa = PBXBuildFile; fileRef = 60CAF540240838AE0021FA6F /* LaunchScreen.storyboard */; };
		60CAF54D240838AE0021FA6F /* WeatherTests.swift in Sources */ = {isa = PBXBuildFile; fileRef = 60CAF54C240838AE0021FA6F /* WeatherTests.swift */; };
		60CAF56624083BD70021FA6F /* HomeViewController.View.swift in Sources */ = {isa = PBXBuildFile; fileRef = 60CAF56424083BD70021FA6F /* HomeViewController.View.swift */; };
		60CAF56724083BD70021FA6F /* HomeViewController.swift in Sources */ = {isa = PBXBuildFile; fileRef = 60CAF56524083BD70021FA6F /* HomeViewController.swift */; };
		60CAF5AC24083E800021FA6F /* Collection+Tools.swift in Sources */ = {isa = PBXBuildFile; fileRef = 60CAF5AB24083E800021FA6F /* Collection+Tools.swift */; };
		60CAF5C824083E860021FA6F /* UIView+LayoutAreaType.swift in Sources */ = {isa = PBXBuildFile; fileRef = 60CAF5AF24083E860021FA6F /* UIView+LayoutAreaType.swift */; };
		60CAF5C924083E860021FA6F /* UIView.Edge.swift in Sources */ = {isa = PBXBuildFile; fileRef = 60CAF5B024083E860021FA6F /* UIView.Edge.swift */; };
		60CAF5CA24083E860021FA6F /* UIView.LayoutArea.swift in Sources */ = {isa = PBXBuildFile; fileRef = 60CAF5B124083E860021FA6F /* UIView.LayoutArea.swift */; };
		60CAF5CB24083E860021FA6F /* UIView+ConstraintRelationsAround.swift in Sources */ = {isa = PBXBuildFile; fileRef = 60CAF5B224083E860021FA6F /* UIView+ConstraintRelationsAround.swift */; };
		60CAF5CC24083E860021FA6F /* NSLayoutConstraint+AutoLayout.swift in Sources */ = {isa = PBXBuildFile; fileRef = 60CAF5B424083E860021FA6F /* NSLayoutConstraint+AutoLayout.swift */; };
		60CAF5CD24083E860021FA6F /* NSLayoutYAxisAnchor+AutoLayout.swift in Sources */ = {isa = PBXBuildFile; fileRef = 60CAF5B524083E860021FA6F /* NSLayoutYAxisAnchor+AutoLayout.swift */; };
		60CAF5CE24083E860021FA6F /* Array+NSLayoutConstraint.swift in Sources */ = {isa = PBXBuildFile; fileRef = 60CAF5B624083E860021FA6F /* Array+NSLayoutConstraint.swift */; };
		60CAF5CF24083E860021FA6F /* NSLayoutXAxisAnchor+AutoLayout.swift in Sources */ = {isa = PBXBuildFile; fileRef = 60CAF5B724083E860021FA6F /* NSLayoutXAxisAnchor+AutoLayout.swift */; };
		60CAF5D024083E860021FA6F /* Collection+AutoLayout.swift in Sources */ = {isa = PBXBuildFile; fileRef = 60CAF5B824083E860021FA6F /* Collection+AutoLayout.swift */; };
		60CAF5D124083E860021FA6F /* NSLayoutDimension+AutoLayout.swift in Sources */ = {isa = PBXBuildFile; fileRef = 60CAF5B924083E860021FA6F /* NSLayoutDimension+AutoLayout.swift */; };
		60CAF5D224083E860021FA6F /* NSLayoutConstraint+Relations+AutoLayout.swift in Sources */ = {isa = PBXBuildFile; fileRef = 60CAF5BA24083E860021FA6F /* NSLayoutConstraint+Relations+AutoLayout.swift */; };
		60CAF5D324083E860021FA6F /* UIView+AutoLayoutPinEdges.swift in Sources */ = {isa = PBXBuildFile; fileRef = 60CAF5BC24083E860021FA6F /* UIView+AutoLayoutPinEdges.swift */; };
		60CAF5D424083E860021FA6F /* UIView+AutoLayoutArea.swift in Sources */ = {isa = PBXBuildFile; fileRef = 60CAF5BD24083E860021FA6F /* UIView+AutoLayoutArea.swift */; };
		60CAF5D524083E860021FA6F /* UIView+AutoLayoutPinDimensions.swift in Sources */ = {isa = PBXBuildFile; fileRef = 60CAF5BE24083E860021FA6F /* UIView+AutoLayoutPinDimensions.swift */; };
		60CAF5D624083E860021FA6F /* UIView+AutoLayoutPinCenter.swift in Sources */ = {isa = PBXBuildFile; fileRef = 60CAF5BF24083E860021FA6F /* UIView+AutoLayoutPinCenter.swift */; };
		60CAF5D724083E860021FA6F /* UIView+AutoLayout.swift in Sources */ = {isa = PBXBuildFile; fileRef = 60CAF5C024083E860021FA6F /* UIView+AutoLayout.swift */; };
		60CAF5D824083E860021FA6F /* UIView+AutoLayoutPinAlign.swift in Sources */ = {isa = PBXBuildFile; fileRef = 60CAF5C124083E860021FA6F /* UIView+AutoLayoutPinAlign.swift */; };
		60CAF5D924083E860021FA6F /* UIView+AutoLayoutPinRelative.swift in Sources */ = {isa = PBXBuildFile; fileRef = 60CAF5C224083E860021FA6F /* UIView+AutoLayoutPinRelative.swift */; };
		60CAF5DA24083E860021FA6F /* UICollectionView+Tools.swift in Sources */ = {isa = PBXBuildFile; fileRef = 60CAF5C424083E860021FA6F /* UICollectionView+Tools.swift */; };
		60CAF5DB24083E860021FA6F /* UITableView+Tools.swift in Sources */ = {isa = PBXBuildFile; fileRef = 60CAF5C524083E860021FA6F /* UITableView+Tools.swift */; };
		60CAF5DC24083E860021FA6F /* UIEdgeInsets+Tools.swift in Sources */ = {isa = PBXBuildFile; fileRef = 60CAF5C624083E860021FA6F /* UIEdgeInsets+Tools.swift */; };
		60CAF5DD24083E860021FA6F /* NSDirectionalEdgeInsets+Tools.swift in Sources */ = {isa = PBXBuildFile; fileRef = 60CAF5C724083E860021FA6F /* NSDirectionalEdgeInsets+Tools.swift */; };
		60CAF5DF24083EE70021FA6F /* RootMenuButton.swift in Sources */ = {isa = PBXBuildFile; fileRef = 60CAF5DE24083EE70021FA6F /* RootMenuButton.swift */; };
		60CAF5E124083F870021FA6F /* UITraitCollection+Tools.swift in Sources */ = {isa = PBXBuildFile; fileRef = 60CAF5E024083F870021FA6F /* UITraitCollection+Tools.swift */; };
		60CAF5E5240849680021FA6F /* city.list.json in Resources */ = {isa = PBXBuildFile; fileRef = 60CAF5E4240849680021FA6F /* city.list.json */; };
		60CAF5E7240849A10021FA6F /* CitiesManager.swift in Sources */ = {isa = PBXBuildFile; fileRef = 60CAF5E6240849A10021FA6F /* CitiesManager.swift */; };
		60CAF5E9240849AA0021FA6F /* City.swift in Sources */ = {isa = PBXBuildFile; fileRef = 60CAF5E8240849AA0021FA6F /* City.swift */; };
		60CAF5EC24084D160021FA6F /* DispatchTools.swift in Sources */ = {isa = PBXBuildFile; fileRef = 60CAF5EB24084D160021FA6F /* DispatchTools.swift */; };
		60CAF5EF24084EB10021FA6F /* SearchAccelerator.swift in Sources */ = {isa = PBXBuildFile; fileRef = 60CAF5EE24084EB10021FA6F /* SearchAccelerator.swift */; };
		60CAF5F32408515F0021FA6F /* CityViewController.View.swift in Sources */ = {isa = PBXBuildFile; fileRef = 60CAF5F12408515F0021FA6F /* CityViewController.View.swift */; };
		60CAF5F42408515F0021FA6F /* CityViewController.swift in Sources */ = {isa = PBXBuildFile; fileRef = 60CAF5F22408515F0021FA6F /* CityViewController.swift */; };
		60CAF5F7240851AB0021FA6F /* Localization.swift in Sources */ = {isa = PBXBuildFile; fileRef = 60CAF5F6240851AB0021FA6F /* Localization.swift */; };
		60F3C161240A531100DB4EED /* CityDetailsDailyWeatherCell.swift in Sources */ = {isa = PBXBuildFile; fileRef = 60F3C160240A531100DB4EED /* CityDetailsDailyWeatherCell.swift */; };
		60F3C163240A71AF00DB4EED /* HourlyForecast.DayItem.swift in Sources */ = {isa = PBXBuildFile; fileRef = 60F3C162240A71AF00DB4EED /* HourlyForecast.DayItem.swift */; };
		60F3C165240A76F500DB4EED /* CityDetailsHourlyForecastCell.swift in Sources */ = {isa = PBXBuildFile; fileRef = 60F3C164240A76F500DB4EED /* CityDetailsHourlyForecastCell.swift */; };
		60F3C167240A7A0C00DB4EED /* CityDetailsHourlyWeatherCell.swift in Sources */ = {isa = PBXBuildFile; fileRef = 60F3C166240A7A0C00DB4EED /* CityDetailsHourlyWeatherCell.swift */; };
		60F3C169240A80BB00DB4EED /* CityDetailsDayTitleCell.swift in Sources */ = {isa = PBXBuildFile; fileRef = 60F3C168240A80BB00DB4EED /* CityDetailsDayTitleCell.swift */; };
		60F3C16B240A82C300DB4EED /* MinMaxTemperatureView.swift in Sources */ = {isa = PBXBuildFile; fileRef = 60F3C16A240A82C300DB4EED /* MinMaxTemperatureView.swift */; };
		60F3C16D240A87C700DB4EED /* OpenWeatherDAL.swift in Sources */ = {isa = PBXBuildFile; fileRef = 60F3C16C240A87C700DB4EED /* OpenWeatherDAL.swift */; };
		60F3C170240A996800DB4EED /* OpenWeatherService.swift in Sources */ = {isa = PBXBuildFile; fileRef = 60F3C16F240A996800DB4EED /* OpenWeatherService.swift */; };
		60F3C172240A9BE700DB4EED /* keys.plist in Resources */ = {isa = PBXBuildFile; fileRef = 60F3C171240A9BE700DB4EED /* keys.plist */; };
		60F3C177240AA39100DB4EED /* GradientView.swift in Sources */ = {isa = PBXBuildFile; fileRef = 60F3C176240AA39100DB4EED /* GradientView.swift */; };
		60F3C179240AA7B100DB4EED /* CityDetailsCurrentConditionsCell.swift in Sources */ = {isa = PBXBuildFile; fileRef = 60F3C178240AA7B100DB4EED /* CityDetailsCurrentConditionsCell.swift */; };
		60F3C17B240AA81600DB4EED /* CurrentCondtionItemView.swift in Sources */ = {isa = PBXBuildFile; fileRef = 60F3C17A240AA81600DB4EED /* CurrentCondtionItemView.swift */; };
		60F3C17E240AB8AC00DB4EED /* SettingsService.swift in Sources */ = {isa = PBXBuildFile; fileRef = 60F3C17D240AB8AC00DB4EED /* SettingsService.swift */; };
		60F3C180240ABA8000DB4EED /* SettingsSegmentTableCell.swift in Sources */ = {isa = PBXBuildFile; fileRef = 60F3C17F240ABA8000DB4EED /* SettingsSegmentTableCell.swift */; };
		60F3C183240ADADC00DB4EED /* Rain.swift in Sources */ = {isa = PBXBuildFile; fileRef = 60F3C182240ADADC00DB4EED /* Rain.swift */; };
		D3EA8FBB51D1EC438F86C9ED /* Pods_WeatherTests.framework in Frameworks */ = {isa = PBXBuildFile; fileRef = C75782006B92CB170B8C77CA /* Pods_WeatherTests.framework */; };
/* End PBXBuildFile section */

/* Begin PBXContainerItemProxy section */
		60CAF549240838AE0021FA6F /* PBXContainerItemProxy */ = {
			isa = PBXContainerItemProxy;
			containerPortal = 60CAF52A240838AC0021FA6F /* Project object */;
			proxyType = 1;
			remoteGlobalIDString = 60CAF531240838AC0021FA6F;
			remoteInfo = Weather;
		};
/* End PBXContainerItemProxy section */

/* Begin PBXFileReference section */
		3942EA457A67C70B92849F82 /* Pods-Weather.debug.xcconfig */ = {isa = PBXFileReference; includeInIndex = 1; lastKnownFileType = text.xcconfig; name = "Pods-Weather.debug.xcconfig"; path = "Target Support Files/Pods-Weather/Pods-Weather.debug.xcconfig"; sourceTree = "<group>"; };
		460E01533CB7B1BF93241B8A /* Pods-WeatherTests.release.xcconfig */ = {isa = PBXFileReference; includeInIndex = 1; lastKnownFileType = text.xcconfig; name = "Pods-WeatherTests.release.xcconfig"; path = "Target Support Files/Pods-WeatherTests/Pods-WeatherTests.release.xcconfig"; sourceTree = "<group>"; };
		52263CC137D6E85A495F14C5 /* Pods-WeatherTests.debug.xcconfig */ = {isa = PBXFileReference; includeInIndex = 1; lastKnownFileType = text.xcconfig; name = "Pods-WeatherTests.debug.xcconfig"; path = "Target Support Files/Pods-WeatherTests/Pods-WeatherTests.debug.xcconfig"; sourceTree = "<group>"; };
		601B6B97240AECAA00E07BF4 /* RootSideMenuModel.swift */ = {isa = PBXFileReference; lastKnownFileType = sourcecode.swift; path = RootSideMenuModel.swift; sourceTree = "<group>"; };
		601B6B99240AEDA100E07BF4 /* RootViewContainer.swift */ = {isa = PBXFileReference; lastKnownFileType = sourcecode.swift; path = RootViewContainer.swift; sourceTree = "<group>"; };
		6034ED03240AE9B900C0F3D2 /* RootViewController.swift */ = {isa = PBXFileReference; lastKnownFileType = sourcecode.swift; path = RootViewController.swift; sourceTree = "<group>"; };
		603C715024095D6F005892D7 /* SettingsTableCell.swift */ = {isa = PBXFileReference; lastKnownFileType = sourcecode.swift; path = SettingsTableCell.swift; sourceTree = "<group>"; };
		603C71532409620C005892D7 /* CityDetailsViewController.View.swift */ = {isa = PBXFileReference; lastKnownFileType = sourcecode.swift; path = CityDetailsViewController.View.swift; sourceTree = "<group>"; };
		603C71542409620C005892D7 /* CityDetailsViewController.swift */ = {isa = PBXFileReference; lastKnownFileType = sourcecode.swift; path = CityDetailsViewController.swift; sourceTree = "<group>"; };
		603C715724096217005892D7 /* CityDetailsPresenter.swift */ = {isa = PBXFileReference; lastKnownFileType = sourcecode.swift; path = CityDetailsPresenter.swift; sourceTree = "<group>"; };
		603C71592409622F005892D7 /* CityDetailsViewModel.swift */ = {isa = PBXFileReference; lastKnownFileType = sourcecode.swift; path = CityDetailsViewModel.swift; sourceTree = "<group>"; };
		603C715C240963E0005892D7 /* CityDetailTableAdapter.swift */ = {isa = PBXFileReference; lastKnownFileType = sourcecode.swift; path = CityDetailTableAdapter.swift; sourceTree = "<group>"; };
		603C715E24096462005892D7 /* CityDetailTableAdapter.Item.swift */ = {isa = PBXFileReference; lastKnownFileType = sourcecode.swift; path = CityDetailTableAdapter.Item.swift; sourceTree = "<group>"; };
		603C716024096480005892D7 /* CityDetailTableAdapter.Section.swift */ = {isa = PBXFileReference; lastKnownFileType = sourcecode.swift; path = CityDetailTableAdapter.Section.swift; sourceTree = "<group>"; };
		603C71632409658B005892D7 /* CityDetailsCityCell.swift */ = {isa = PBXFileReference; lastKnownFileType = sourcecode.swift; path = CityDetailsCityCell.swift; sourceTree = "<group>"; };
		603C716624097E14005892D7 /* WeatherBll.swift */ = {isa = PBXFileReference; lastKnownFileType = sourcecode.swift; path = WeatherBll.swift; sourceTree = "<group>"; };
		603C716924097EEC005892D7 /* TodayWeather.swift */ = {isa = PBXFileReference; lastKnownFileType = sourcecode.swift; path = TodayWeather.swift; sourceTree = "<group>"; };
		603C716D24097F02005892D7 /* Coordinates.swift */ = {isa = PBXFileReference; lastKnownFileType = sourcecode.swift; path = Coordinates.swift; sourceTree = "<group>"; };
		603C716F24097FC4005892D7 /* Weather.swift */ = {isa = PBXFileReference; lastKnownFileType = sourcecode.swift; path = Weather.swift; sourceTree = "<group>"; };
		603C717124098006005892D7 /* Wind.swift */ = {isa = PBXFileReference; lastKnownFileType = sourcecode.swift; path = Wind.swift; sourceTree = "<group>"; };
		603C71732409805E005892D7 /* WeatherDetails.swift */ = {isa = PBXFileReference; lastKnownFileType = sourcecode.swift; path = WeatherDetails.swift; sourceTree = "<group>"; };
		603C717524098153005892D7 /* Clouds.swift */ = {isa = PBXFileReference; lastKnownFileType = sourcecode.swift; path = Clouds.swift; sourceTree = "<group>"; };
		603C717724098329005892D7 /* SunTimes.swift */ = {isa = PBXFileReference; lastKnownFileType = sourcecode.swift; path = SunTimes.swift; sourceTree = "<group>"; };
		603C717B24099667005892D7 /* HourlyForecasts.swift */ = {isa = PBXFileReference; lastKnownFileType = sourcecode.swift; path = HourlyForecasts.swift; sourceTree = "<group>"; };
		603C717F240997F7005892D7 /* HourlyForecasts.HourlyItem.swift */ = {isa = PBXFileReference; lastKnownFileType = sourcecode.swift; path = HourlyForecasts.HourlyItem.swift; sourceTree = "<group>"; };
		603C718124099FB2005892D7 /* CityDetailsLoadingCell.swift */ = {isa = PBXFileReference; lastKnownFileType = sourcecode.swift; path = CityDetailsLoadingCell.swift; sourceTree = "<group>"; };
		603C71842409A296005892D7 /* CellLifecycle.swift */ = {isa = PBXFileReference; lastKnownFileType = sourcecode.swift; path = CellLifecycle.swift; sourceTree = "<group>"; };
		603C71862409A5F0005892D7 /* CityDetailsErrorCell.swift */ = {isa = PBXFileReference; lastKnownFileType = sourcecode.swift; path = CityDetailsErrorCell.swift; sourceTree = "<group>"; };
		603C718A2409B086005892D7 /* WeatherIdToSymbolHelper.swift */ = {isa = PBXFileReference; lastKnownFileType = sourcecode.swift; path = WeatherIdToSymbolHelper.swift; sourceTree = "<group>"; };
		603C718C2409B7E0005892D7 /* CityDetailsCurrentWeatherCell.swift */ = {isa = PBXFileReference; lastKnownFileType = sourcecode.swift; path = CityDetailsCurrentWeatherCell.swift; sourceTree = "<group>"; };
		60874AC3240854AD00C7725A /* CityViewModel.swift */ = {isa = PBXFileReference; lastKnownFileType = sourcecode.swift; path = CityViewModel.swift; sourceTree = "<group>"; };
		60874AC62408552200C7725A /* SearchCityCell.swift */ = {isa = PBXFileReference; lastKnownFileType = sourcecode.swift; path = SearchCityCell.swift; sourceTree = "<group>"; };
		60874AC9240855B900C7725A /* SearchCityTableAdapter.swift */ = {isa = PBXFileReference; lastKnownFileType = sourcecode.swift; path = SearchCityTableAdapter.swift; sourceTree = "<group>"; };
		60874ACC24085AA900C7725A /* KeyboardManager.swift */ = {isa = PBXFileReference; lastKnownFileType = sourcecode.swift; path = KeyboardManager.swift; sourceTree = "<group>"; };
		60874ACE24085AB700C7725A /* KeyboardManager+Tools.swift */ = {isa = PBXFileReference; lastKnownFileType = sourcecode.swift; path = "KeyboardManager+Tools.swift"; sourceTree = "<group>"; };
		60874AD124085AEB00C7725A /* WeakHashTable.swift */ = {isa = PBXFileReference; lastKnownFileType = sourcecode.swift; path = WeakHashTable.swift; sourceTree = "<group>"; };
		60874AD524085D2900C7725A /* Storage.swift */ = {isa = PBXFileReference; fileEncoding = 4; lastKnownFileType = sourcecode.swift; path = Storage.swift; sourceTree = "<group>"; };
		60874AD624085D2900C7725A /* StorageContainer.swift */ = {isa = PBXFileReference; fileEncoding = 4; lastKnownFileType = sourcecode.swift; path = StorageContainer.swift; sourceTree = "<group>"; };
		60874ADA24085D8400C7725A /* UserDefaults+Codable.swift */ = {isa = PBXFileReference; fileEncoding = 4; lastKnownFileType = sourcecode.swift; path = "UserDefaults+Codable.swift"; sourceTree = "<group>"; };
		60874ADB24085D8400C7725A /* UserDefaults+CustomStringConvertibleKeys.swift */ = {isa = PBXFileReference; fileEncoding = 4; lastKnownFileType = sourcecode.swift; path = "UserDefaults+CustomStringConvertibleKeys.swift"; sourceTree = "<group>"; };
		60874ADC24085D8400C7725A /* UserDefaults+Container.swift */ = {isa = PBXFileReference; fileEncoding = 4; lastKnownFileType = sourcecode.swift; path = "UserDefaults+Container.swift"; sourceTree = "<group>"; };
		60874ADD24085D8400C7725A /* UserDefaultsKeyProvidable.swift */ = {isa = PBXFileReference; fileEncoding = 4; lastKnownFileType = sourcecode.swift; path = UserDefaultsKeyProvidable.swift; sourceTree = "<group>"; };
		60874AE224085E9900C7725A /* Codable+Support.swift */ = {isa = PBXFileReference; fileEncoding = 4; lastKnownFileType = sourcecode.swift; path = "Codable+Support.swift"; sourceTree = "<group>"; };
		60874AE524085ECE00C7725A /* CityStorage.swift */ = {isa = PBXFileReference; lastKnownFileType = sourcecode.swift; path = CityStorage.swift; sourceTree = "<group>"; };
		60874AE7240860E600C7725A /* StoredCityCell.swift */ = {isa = PBXFileReference; lastKnownFileType = sourcecode.swift; path = StoredCityCell.swift; sourceTree = "<group>"; };
		60874AE9240860FB00C7725A /* StoredCityAdapter.swift */ = {isa = PBXFileReference; lastKnownFileType = sourcecode.swift; path = StoredCityAdapter.swift; sourceTree = "<group>"; };
		60874AEC2409477700C7725A /* Services+ServiceId.swift */ = {isa = PBXFileReference; fileEncoding = 4; lastKnownFileType = sourcecode.swift; path = "Services+ServiceId.swift"; sourceTree = "<group>"; };
		60874AED2409477700C7725A /* Services.swift */ = {isa = PBXFileReference; fileEncoding = 4; lastKnownFileType = sourcecode.swift; path = Services.swift; sourceTree = "<group>"; };
		60874AEE2409477700C7725A /* Services+Error.swift */ = {isa = PBXFileReference; fileEncoding = 4; lastKnownFileType = sourcecode.swift; path = "Services+Error.swift"; sourceTree = "<group>"; };
		60874AF02409477700C7725A /* Service.swift */ = {isa = PBXFileReference; fileEncoding = 4; lastKnownFileType = sourcecode.swift; path = Service.swift; sourceTree = "<group>"; };
		60874AF12409477700C7725A /* InitializableService.swift */ = {isa = PBXFileReference; fileEncoding = 4; lastKnownFileType = sourcecode.swift; path = InitializableService.swift; sourceTree = "<group>"; };
		60874AF22409477700C7725A /* ServiceProvider.swift */ = {isa = PBXFileReference; fileEncoding = 4; lastKnownFileType = sourcecode.swift; path = ServiceProvider.swift; sourceTree = "<group>"; };
		60874AF924094E3100C7725A /* HomeViewModel.swift */ = {isa = PBXFileReference; lastKnownFileType = sourcecode.swift; path = HomeViewModel.swift; sourceTree = "<group>"; };
		60874AFB24094F2800C7725A /* HomeViewController.MapAdapter.swift */ = {isa = PBXFileReference; lastKnownFileType = sourcecode.swift; path = HomeViewController.MapAdapter.swift; sourceTree = "<group>"; };
		60874AFD24094FE100C7725A /* HomeViewMapAnnotation.swift */ = {isa = PBXFileReference; lastKnownFileType = sourcecode.swift; path = HomeViewMapAnnotation.swift; sourceTree = "<group>"; };
		60874B002409586E00C7725A /* SettingsViewController.View.swift */ = {isa = PBXFileReference; lastKnownFileType = sourcecode.swift; path = SettingsViewController.View.swift; sourceTree = "<group>"; };
		60874B012409586E00C7725A /* SettingsViewController.swift */ = {isa = PBXFileReference; lastKnownFileType = sourcecode.swift; path = SettingsViewController.swift; sourceTree = "<group>"; };
		60874B06240958A200C7725A /* SettingsViewModel.swift */ = {isa = PBXFileReference; lastKnownFileType = sourcecode.swift; path = SettingsViewModel.swift; sourceTree = "<group>"; };
		60874B082409590F00C7725A /* CGRect+Tools.swift */ = {isa = PBXFileReference; lastKnownFileType = sourcecode.swift; path = "CGRect+Tools.swift"; sourceTree = "<group>"; };
		60874B0A2409597F00C7725A /* SettingsTableController.swift */ = {isa = PBXFileReference; lastKnownFileType = sourcecode.swift; path = SettingsTableController.swift; sourceTree = "<group>"; };
		60874B0D240959C800C7725A /* SettingsTableController.Section.swift */ = {isa = PBXFileReference; lastKnownFileType = sourcecode.swift; path = SettingsTableController.Section.swift; sourceTree = "<group>"; };
		60874B0F240959E500C7725A /* SettingsTableController.Item.swift */ = {isa = PBXFileReference; lastKnownFileType = sourcecode.swift; path = SettingsTableController.Item.swift; sourceTree = "<group>"; };
		60CAF532240838AC0021FA6F /* Weather.app */ = {isa = PBXFileReference; explicitFileType = wrapper.application; includeInIndex = 0; path = Weather.app; sourceTree = BUILT_PRODUCTS_DIR; };
		60CAF535240838AC0021FA6F /* AppDelegate.swift */ = {isa = PBXFileReference; lastKnownFileType = sourcecode.swift; path = AppDelegate.swift; sourceTree = "<group>"; };
		60CAF537240838AC0021FA6F /* SceneDelegate.swift */ = {isa = PBXFileReference; lastKnownFileType = sourcecode.swift; path = SceneDelegate.swift; sourceTree = "<group>"; };
		60CAF53E240838AE0021FA6F /* Assets.xcassets */ = {isa = PBXFileReference; lastKnownFileType = folder.assetcatalog; path = Assets.xcassets; sourceTree = "<group>"; };
		60CAF541240838AE0021FA6F /* Base */ = {isa = PBXFileReference; lastKnownFileType = file.storyboard; name = Base; path = Base.lproj/LaunchScreen.storyboard; sourceTree = "<group>"; };
		60CAF543240838AE0021FA6F /* Info.plist */ = {isa = PBXFileReference; lastKnownFileType = text.plist.xml; path = Info.plist; sourceTree = "<group>"; };
		60CAF548240838AE0021FA6F /* WeatherTests.xctest */ = {isa = PBXFileReference; explicitFileType = wrapper.cfbundle; includeInIndex = 0; path = WeatherTests.xctest; sourceTree = BUILT_PRODUCTS_DIR; };
		60CAF54C240838AE0021FA6F /* WeatherTests.swift */ = {isa = PBXFileReference; lastKnownFileType = sourcecode.swift; path = WeatherTests.swift; sourceTree = "<group>"; };
		60CAF54E240838AE0021FA6F /* Info.plist */ = {isa = PBXFileReference; lastKnownFileType = text.plist.xml; path = Info.plist; sourceTree = "<group>"; };
		60CAF56424083BD70021FA6F /* HomeViewController.View.swift */ = {isa = PBXFileReference; lastKnownFileType = sourcecode.swift; path = HomeViewController.View.swift; sourceTree = "<group>"; };
		60CAF56524083BD70021FA6F /* HomeViewController.swift */ = {isa = PBXFileReference; lastKnownFileType = sourcecode.swift; path = HomeViewController.swift; sourceTree = "<group>"; };
		60CAF5A424083DAB0021FA6F /* Podfile */ = {isa = PBXFileReference; explicitFileType = text.script.ruby; path = Podfile; sourceTree = "<group>"; xcLanguageSpecificationIdentifier = xcode.lang.ruby; };
		60CAF5AB24083E800021FA6F /* Collection+Tools.swift */ = {isa = PBXFileReference; fileEncoding = 4; lastKnownFileType = sourcecode.swift; path = "Collection+Tools.swift"; sourceTree = "<group>"; };
		60CAF5AF24083E860021FA6F /* UIView+LayoutAreaType.swift */ = {isa = PBXFileReference; fileEncoding = 4; lastKnownFileType = sourcecode.swift; path = "UIView+LayoutAreaType.swift"; sourceTree = "<group>"; };
		60CAF5B024083E860021FA6F /* UIView.Edge.swift */ = {isa = PBXFileReference; fileEncoding = 4; lastKnownFileType = sourcecode.swift; path = UIView.Edge.swift; sourceTree = "<group>"; };
		60CAF5B124083E860021FA6F /* UIView.LayoutArea.swift */ = {isa = PBXFileReference; fileEncoding = 4; lastKnownFileType = sourcecode.swift; path = UIView.LayoutArea.swift; sourceTree = "<group>"; };
		60CAF5B224083E860021FA6F /* UIView+ConstraintRelationsAround.swift */ = {isa = PBXFileReference; fileEncoding = 4; lastKnownFileType = sourcecode.swift; path = "UIView+ConstraintRelationsAround.swift"; sourceTree = "<group>"; };
		60CAF5B424083E860021FA6F /* NSLayoutConstraint+AutoLayout.swift */ = {isa = PBXFileReference; fileEncoding = 4; lastKnownFileType = sourcecode.swift; path = "NSLayoutConstraint+AutoLayout.swift"; sourceTree = "<group>"; };
		60CAF5B524083E860021FA6F /* NSLayoutYAxisAnchor+AutoLayout.swift */ = {isa = PBXFileReference; fileEncoding = 4; lastKnownFileType = sourcecode.swift; path = "NSLayoutYAxisAnchor+AutoLayout.swift"; sourceTree = "<group>"; };
		60CAF5B624083E860021FA6F /* Array+NSLayoutConstraint.swift */ = {isa = PBXFileReference; fileEncoding = 4; lastKnownFileType = sourcecode.swift; path = "Array+NSLayoutConstraint.swift"; sourceTree = "<group>"; };
		60CAF5B724083E860021FA6F /* NSLayoutXAxisAnchor+AutoLayout.swift */ = {isa = PBXFileReference; fileEncoding = 4; lastKnownFileType = sourcecode.swift; path = "NSLayoutXAxisAnchor+AutoLayout.swift"; sourceTree = "<group>"; };
		60CAF5B824083E860021FA6F /* Collection+AutoLayout.swift */ = {isa = PBXFileReference; fileEncoding = 4; lastKnownFileType = sourcecode.swift; path = "Collection+AutoLayout.swift"; sourceTree = "<group>"; };
		60CAF5B924083E860021FA6F /* NSLayoutDimension+AutoLayout.swift */ = {isa = PBXFileReference; fileEncoding = 4; lastKnownFileType = sourcecode.swift; path = "NSLayoutDimension+AutoLayout.swift"; sourceTree = "<group>"; };
		60CAF5BA24083E860021FA6F /* NSLayoutConstraint+Relations+AutoLayout.swift */ = {isa = PBXFileReference; fileEncoding = 4; lastKnownFileType = sourcecode.swift; path = "NSLayoutConstraint+Relations+AutoLayout.swift"; sourceTree = "<group>"; };
		60CAF5BC24083E860021FA6F /* UIView+AutoLayoutPinEdges.swift */ = {isa = PBXFileReference; fileEncoding = 4; lastKnownFileType = sourcecode.swift; path = "UIView+AutoLayoutPinEdges.swift"; sourceTree = "<group>"; };
		60CAF5BD24083E860021FA6F /* UIView+AutoLayoutArea.swift */ = {isa = PBXFileReference; fileEncoding = 4; lastKnownFileType = sourcecode.swift; path = "UIView+AutoLayoutArea.swift"; sourceTree = "<group>"; };
		60CAF5BE24083E860021FA6F /* UIView+AutoLayoutPinDimensions.swift */ = {isa = PBXFileReference; fileEncoding = 4; lastKnownFileType = sourcecode.swift; path = "UIView+AutoLayoutPinDimensions.swift"; sourceTree = "<group>"; };
		60CAF5BF24083E860021FA6F /* UIView+AutoLayoutPinCenter.swift */ = {isa = PBXFileReference; fileEncoding = 4; lastKnownFileType = sourcecode.swift; path = "UIView+AutoLayoutPinCenter.swift"; sourceTree = "<group>"; };
		60CAF5C024083E860021FA6F /* UIView+AutoLayout.swift */ = {isa = PBXFileReference; fileEncoding = 4; lastKnownFileType = sourcecode.swift; path = "UIView+AutoLayout.swift"; sourceTree = "<group>"; };
		60CAF5C124083E860021FA6F /* UIView+AutoLayoutPinAlign.swift */ = {isa = PBXFileReference; fileEncoding = 4; lastKnownFileType = sourcecode.swift; path = "UIView+AutoLayoutPinAlign.swift"; sourceTree = "<group>"; };
		60CAF5C224083E860021FA6F /* UIView+AutoLayoutPinRelative.swift */ = {isa = PBXFileReference; fileEncoding = 4; lastKnownFileType = sourcecode.swift; path = "UIView+AutoLayoutPinRelative.swift"; sourceTree = "<group>"; };
		60CAF5C424083E860021FA6F /* UICollectionView+Tools.swift */ = {isa = PBXFileReference; fileEncoding = 4; lastKnownFileType = sourcecode.swift; path = "UICollectionView+Tools.swift"; sourceTree = "<group>"; };
		60CAF5C524083E860021FA6F /* UITableView+Tools.swift */ = {isa = PBXFileReference; fileEncoding = 4; lastKnownFileType = sourcecode.swift; path = "UITableView+Tools.swift"; sourceTree = "<group>"; };
		60CAF5C624083E860021FA6F /* UIEdgeInsets+Tools.swift */ = {isa = PBXFileReference; fileEncoding = 4; lastKnownFileType = sourcecode.swift; path = "UIEdgeInsets+Tools.swift"; sourceTree = "<group>"; };
		60CAF5C724083E860021FA6F /* NSDirectionalEdgeInsets+Tools.swift */ = {isa = PBXFileReference; fileEncoding = 4; lastKnownFileType = sourcecode.swift; path = "NSDirectionalEdgeInsets+Tools.swift"; sourceTree = "<group>"; };
		60CAF5DE24083EE70021FA6F /* RootMenuButton.swift */ = {isa = PBXFileReference; lastKnownFileType = sourcecode.swift; path = RootMenuButton.swift; sourceTree = "<group>"; };
		60CAF5E024083F870021FA6F /* UITraitCollection+Tools.swift */ = {isa = PBXFileReference; fileEncoding = 4; lastKnownFileType = sourcecode.swift; path = "UITraitCollection+Tools.swift"; sourceTree = "<group>"; };
		60CAF5E4240849680021FA6F /* city.list.json */ = {isa = PBXFileReference; fileEncoding = 4; lastKnownFileType = text.json; path = city.list.json; sourceTree = "<group>"; };
		60CAF5E6240849A10021FA6F /* CitiesManager.swift */ = {isa = PBXFileReference; lastKnownFileType = sourcecode.swift; path = CitiesManager.swift; sourceTree = "<group>"; };
		60CAF5E8240849AA0021FA6F /* City.swift */ = {isa = PBXFileReference; lastKnownFileType = sourcecode.swift; path = City.swift; sourceTree = "<group>"; };
		60CAF5EB24084D160021FA6F /* DispatchTools.swift */ = {isa = PBXFileReference; fileEncoding = 4; lastKnownFileType = sourcecode.swift; path = DispatchTools.swift; sourceTree = "<group>"; };
		60CAF5EE24084EB10021FA6F /* SearchAccelerator.swift */ = {isa = PBXFileReference; lastKnownFileType = sourcecode.swift; path = SearchAccelerator.swift; sourceTree = "<group>"; };
		60CAF5F12408515F0021FA6F /* CityViewController.View.swift */ = {isa = PBXFileReference; lastKnownFileType = sourcecode.swift; path = CityViewController.View.swift; sourceTree = "<group>"; };
		60CAF5F22408515F0021FA6F /* CityViewController.swift */ = {isa = PBXFileReference; lastKnownFileType = sourcecode.swift; path = CityViewController.swift; sourceTree = "<group>"; };
		60CAF5F6240851AB0021FA6F /* Localization.swift */ = {isa = PBXFileReference; lastKnownFileType = sourcecode.swift; path = Localization.swift; sourceTree = "<group>"; };
		60F3C160240A531100DB4EED /* CityDetailsDailyWeatherCell.swift */ = {isa = PBXFileReference; lastKnownFileType = sourcecode.swift; path = CityDetailsDailyWeatherCell.swift; sourceTree = "<group>"; };
		60F3C162240A71AF00DB4EED /* HourlyForecast.DayItem.swift */ = {isa = PBXFileReference; lastKnownFileType = sourcecode.swift; path = HourlyForecast.DayItem.swift; sourceTree = "<group>"; };
		60F3C164240A76F500DB4EED /* CityDetailsHourlyForecastCell.swift */ = {isa = PBXFileReference; lastKnownFileType = sourcecode.swift; path = CityDetailsHourlyForecastCell.swift; sourceTree = "<group>"; };
		60F3C166240A7A0C00DB4EED /* CityDetailsHourlyWeatherCell.swift */ = {isa = PBXFileReference; lastKnownFileType = sourcecode.swift; path = CityDetailsHourlyWeatherCell.swift; sourceTree = "<group>"; };
		60F3C168240A80BB00DB4EED /* CityDetailsDayTitleCell.swift */ = {isa = PBXFileReference; lastKnownFileType = sourcecode.swift; path = CityDetailsDayTitleCell.swift; sourceTree = "<group>"; };
		60F3C16A240A82C300DB4EED /* MinMaxTemperatureView.swift */ = {isa = PBXFileReference; lastKnownFileType = sourcecode.swift; path = MinMaxTemperatureView.swift; sourceTree = "<group>"; };
		60F3C16C240A87C700DB4EED /* OpenWeatherDAL.swift */ = {isa = PBXFileReference; lastKnownFileType = sourcecode.swift; path = OpenWeatherDAL.swift; sourceTree = "<group>"; };
		60F3C16F240A996800DB4EED /* OpenWeatherService.swift */ = {isa = PBXFileReference; lastKnownFileType = sourcecode.swift; path = OpenWeatherService.swift; sourceTree = "<group>"; };
		60F3C171240A9BE700DB4EED /* keys.plist */ = {isa = PBXFileReference; lastKnownFileType = text.plist.xml; path = keys.plist; sourceTree = "<group>"; };
		60F3C173240A9DAC00DB4EED /* .gitignore */ = {isa = PBXFileReference; explicitFileType = text.script.ruby; path = .gitignore; sourceTree = "<group>"; };
		60F3C174240A9DAC00DB4EED /* .swiftlint.yml */ = {isa = PBXFileReference; lastKnownFileType = text.yaml; path = .swiftlint.yml; sourceTree = "<group>"; };
		60F3C176240AA39100DB4EED /* GradientView.swift */ = {isa = PBXFileReference; lastKnownFileType = sourcecode.swift; path = GradientView.swift; sourceTree = "<group>"; };
		60F3C178240AA7B100DB4EED /* CityDetailsCurrentConditionsCell.swift */ = {isa = PBXFileReference; lastKnownFileType = sourcecode.swift; path = CityDetailsCurrentConditionsCell.swift; sourceTree = "<group>"; };
		60F3C17A240AA81600DB4EED /* CurrentCondtionItemView.swift */ = {isa = PBXFileReference; lastKnownFileType = sourcecode.swift; path = CurrentCondtionItemView.swift; sourceTree = "<group>"; };
		60F3C17D240AB8AC00DB4EED /* SettingsService.swift */ = {isa = PBXFileReference; lastKnownFileType = sourcecode.swift; path = SettingsService.swift; sourceTree = "<group>"; };
		60F3C17F240ABA8000DB4EED /* SettingsSegmentTableCell.swift */ = {isa = PBXFileReference; lastKnownFileType = sourcecode.swift; path = SettingsSegmentTableCell.swift; sourceTree = "<group>"; };
		60F3C181240ABFAA00DB4EED /* README.md */ = {isa = PBXFileReference; lastKnownFileType = net.daringfireball.markdown; path = README.md; sourceTree = "<group>"; };
		60F3C182240ADADC00DB4EED /* Rain.swift */ = {isa = PBXFileReference; lastKnownFileType = sourcecode.swift; path = Rain.swift; sourceTree = "<group>"; };
		625F460E15221F0FC6644762 /* Pods-Weather.release.xcconfig */ = {isa = PBXFileReference; includeInIndex = 1; lastKnownFileType = text.xcconfig; name = "Pods-Weather.release.xcconfig"; path = "Target Support Files/Pods-Weather/Pods-Weather.release.xcconfig"; sourceTree = "<group>"; };
		C75782006B92CB170B8C77CA /* Pods_WeatherTests.framework */ = {isa = PBXFileReference; explicitFileType = wrapper.framework; includeInIndex = 0; path = Pods_WeatherTests.framework; sourceTree = BUILT_PRODUCTS_DIR; };
		F62BCFF5CB845FBABDFCAB8E /* Pods_Weather.framework */ = {isa = PBXFileReference; explicitFileType = wrapper.framework; includeInIndex = 0; path = Pods_Weather.framework; sourceTree = BUILT_PRODUCTS_DIR; };
/* End PBXFileReference section */

/* Begin PBXFrameworksBuildPhase section */
		60CAF52F240838AC0021FA6F /* Frameworks */ = {
			isa = PBXFrameworksBuildPhase;
			buildActionMask = 2147483647;
			files = (
				5990FB413A5126F5A12D5D65 /* Pods_Weather.framework in Frameworks */,
			);
			runOnlyForDeploymentPostprocessing = 0;
		};
		60CAF545240838AE0021FA6F /* Frameworks */ = {
			isa = PBXFrameworksBuildPhase;
			buildActionMask = 2147483647;
			files = (
				D3EA8FBB51D1EC438F86C9ED /* Pods_WeatherTests.framework in Frameworks */,
			);
			runOnlyForDeploymentPostprocessing = 0;
		};
/* End PBXFrameworksBuildPhase section */

/* Begin PBXGroup section */
		5C3898FD98F08F11698CF2AF /* Frameworks */ = {
			isa = PBXGroup;
			children = (
				F62BCFF5CB845FBABDFCAB8E /* Pods_Weather.framework */,
				C75782006B92CB170B8C77CA /* Pods_WeatherTests.framework */,
			);
			name = Frameworks;
			sourceTree = "<group>";
		};
		6034ED05240AE9BE00C0F3D2 /* Root */ = {
			isa = PBXGroup;
			children = (
				60CAF5DE24083EE70021FA6F /* RootMenuButton.swift */,
				6034ED03240AE9B900C0F3D2 /* RootViewController.swift */,
				601B6B97240AECAA00E07BF4 /* RootSideMenuModel.swift */,
				601B6B99240AEDA100E07BF4 /* RootViewContainer.swift */,
			);
			path = Root;
			sourceTree = "<group>";
		};
		603C714F24095D61005892D7 /* Cells */ = {
			isa = PBXGroup;
			children = (
				603C715024095D6F005892D7 /* SettingsTableCell.swift */,
				60F3C17F240ABA8000DB4EED /* SettingsSegmentTableCell.swift */,
			);
			path = Cells;
			sourceTree = "<group>";
		};
		603C7152240961FA005892D7 /* City Details */ = {
			isa = PBXGroup;
			children = (
				603C715B240963D3005892D7 /* Table Adapter */,
				603C71532409620C005892D7 /* CityDetailsViewController.View.swift */,
				603C71542409620C005892D7 /* CityDetailsViewController.swift */,
				603C715724096217005892D7 /* CityDetailsPresenter.swift */,
				603C71592409622F005892D7 /* CityDetailsViewModel.swift */,
			);
			path = "City Details";
			sourceTree = "<group>";
		};
		603C715B240963D3005892D7 /* Table Adapter */ = {
			isa = PBXGroup;
			children = (
				603C716224096576005892D7 /* Subviews */,
				603C715C240963E0005892D7 /* CityDetailTableAdapter.swift */,
				603C715E24096462005892D7 /* CityDetailTableAdapter.Item.swift */,
				603C716024096480005892D7 /* CityDetailTableAdapter.Section.swift */,
			);
			path = "Table Adapter";
			sourceTree = "<group>";
		};
		603C716224096576005892D7 /* Subviews */ = {
			isa = PBXGroup;
			children = (
				603C71632409658B005892D7 /* CityDetailsCityCell.swift */,
				603C718124099FB2005892D7 /* CityDetailsLoadingCell.swift */,
				603C71862409A5F0005892D7 /* CityDetailsErrorCell.swift */,
				603C718C2409B7E0005892D7 /* CityDetailsCurrentWeatherCell.swift */,
				60F3C160240A531100DB4EED /* CityDetailsDailyWeatherCell.swift */,
				60F3C164240A76F500DB4EED /* CityDetailsHourlyForecastCell.swift */,
				60F3C166240A7A0C00DB4EED /* CityDetailsHourlyWeatherCell.swift */,
				60F3C168240A80BB00DB4EED /* CityDetailsDayTitleCell.swift */,
				60F3C178240AA7B100DB4EED /* CityDetailsCurrentConditionsCell.swift */,
			);
			path = Subviews;
			sourceTree = "<group>";
		};
		603C716524097E00005892D7 /* Weather */ = {
			isa = PBXGroup;
			children = (
				60F3C16E240A995B00DB4EED /* DAL */,
				603C716624097E14005892D7 /* WeatherBll.swift */,
				603C718A2409B086005892D7 /* WeatherIdToSymbolHelper.swift */,
			);
			path = Weather;
			sourceTree = "<group>";
		};
		603C716C24097EFB005892D7 /* Models */ = {
			isa = PBXGroup;
			children = (
				603C716924097EEC005892D7 /* TodayWeather.swift */,
				603C716D24097F02005892D7 /* Coordinates.swift */,
				603C716F24097FC4005892D7 /* Weather.swift */,
				603C717124098006005892D7 /* Wind.swift */,
				603C71732409805E005892D7 /* WeatherDetails.swift */,
				603C717524098153005892D7 /* Clouds.swift */,
				603C717724098329005892D7 /* SunTimes.swift */,
				603C717B24099667005892D7 /* HourlyForecasts.swift */,
				60F3C162240A71AF00DB4EED /* HourlyForecast.DayItem.swift */,
				603C717F240997F7005892D7 /* HourlyForecasts.HourlyItem.swift */,
				60F3C182240ADADC00DB4EED /* Rain.swift */,
			);
			path = Models;
			sourceTree = "<group>";
		};
		603C71832409A286005892D7 /* Cell Lifecycle */ = {
			isa = PBXGroup;
			children = (
				603C71842409A296005892D7 /* CellLifecycle.swift */,
			);
			path = "Cell Lifecycle";
			sourceTree = "<group>";
		};
		60874AC52408551500C7725A /* Cells */ = {
			isa = PBXGroup;
			children = (
				60874AC62408552200C7725A /* SearchCityCell.swift */,
				60874AE7240860E600C7725A /* StoredCityCell.swift */,
			);
			path = Cells;
			sourceTree = "<group>";
		};
		60874AC8240855AD00C7725A /* Adapters */ = {
			isa = PBXGroup;
			children = (
				60874AC9240855B900C7725A /* SearchCityTableAdapter.swift */,
				60874AE9240860FB00C7725A /* StoredCityAdapter.swift */,
			);
			path = Adapters;
			sourceTree = "<group>";
		};
		60874ACB24085AA400C7725A /* KeyboardManager */ = {
			isa = PBXGroup;
			children = (
				60874ACC24085AA900C7725A /* KeyboardManager.swift */,
				60874ACE24085AB700C7725A /* KeyboardManager+Tools.swift */,
			);
			path = KeyboardManager;
			sourceTree = "<group>";
		};
		60874AD324085CEE00C7725A /* Logic */ = {
			isa = PBXGroup;
			children = (
				603C71832409A286005892D7 /* Cell Lifecycle */,
				60874AE424085EB500C7725A /* City Storage */,
				60874AD424085CF400C7725A /* Storage */,
			);
			path = Logic;
			sourceTree = "<group>";
		};
		60874AD424085CF400C7725A /* Storage */ = {
			isa = PBXGroup;
			children = (
				60874AD524085D2900C7725A /* Storage.swift */,
				60874AD624085D2900C7725A /* StorageContainer.swift */,
			);
			path = Storage;
			sourceTree = "<group>";
		};
		60874AD924085D8400C7725A /* UserDefaults */ = {
			isa = PBXGroup;
			children = (
				60874ADA24085D8400C7725A /* UserDefaults+Codable.swift */,
				60874ADB24085D8400C7725A /* UserDefaults+CustomStringConvertibleKeys.swift */,
				60874ADC24085D8400C7725A /* UserDefaults+Container.swift */,
				60874ADD24085D8400C7725A /* UserDefaultsKeyProvidable.swift */,
			);
			path = UserDefaults;
			sourceTree = "<group>";
		};
		60874AE424085EB500C7725A /* City Storage */ = {
			isa = PBXGroup;
			children = (
				60874AE524085ECE00C7725A /* CityStorage.swift */,
			);
			path = "City Storage";
			sourceTree = "<group>";
		};
		60874AEB2409477700C7725A /* Services */ = {
			isa = PBXGroup;
			children = (
				60874AEC2409477700C7725A /* Services+ServiceId.swift */,
				60874AED2409477700C7725A /* Services.swift */,
				60874AEE2409477700C7725A /* Services+Error.swift */,
				60874AEF2409477700C7725A /* Protocols */,
			);
			path = Services;
			sourceTree = "<group>";
		};
		60874AEF2409477700C7725A /* Protocols */ = {
			isa = PBXGroup;
			children = (
				60874AF02409477700C7725A /* Service.swift */,
				60874AF12409477700C7725A /* InitializableService.swift */,
				60874AF22409477700C7725A /* ServiceProvider.swift */,
			);
			path = Protocols;
			sourceTree = "<group>";
		};
		60874AFF2409586000C7725A /* Settings */ = {
			isa = PBXGroup;
			children = (
				603C714F24095D61005892D7 /* Cells */,
				60874B0C240959BC00C7725A /* Table controller */,
				60874B002409586E00C7725A /* SettingsViewController.View.swift */,
				60874B012409586E00C7725A /* SettingsViewController.swift */,
				60874B06240958A200C7725A /* SettingsViewModel.swift */,
			);
			path = Settings;
			sourceTree = "<group>";
		};
		60874B0C240959BC00C7725A /* Table controller */ = {
			isa = PBXGroup;
			children = (
				60874B0A2409597F00C7725A /* SettingsTableController.swift */,
				60874B0D240959C800C7725A /* SettingsTableController.Section.swift */,
				60874B0F240959E500C7725A /* SettingsTableController.Item.swift */,
			);
			path = "Table controller";
			sourceTree = "<group>";
		};
		60CAF529240838AC0021FA6F = {
			isa = PBXGroup;
			children = (
				60F3C181240ABFAA00DB4EED /* README.md */,
				60CAF59F24083D110021FA6F /* Misc */,
				60CAF534240838AC0021FA6F /* Weather */,
				60CAF54B240838AE0021FA6F /* WeatherTests */,
				60CAF533240838AC0021FA6F /* Products */,
				9D2027ED09C13CC38259A8AA /* Pods */,
				5C3898FD98F08F11698CF2AF /* Frameworks */,
			);
			sourceTree = "<group>";
		};
		60CAF533240838AC0021FA6F /* Products */ = {
			isa = PBXGroup;
			children = (
				60CAF532240838AC0021FA6F /* Weather.app */,
				60CAF548240838AE0021FA6F /* WeatherTests.xctest */,
			);
			name = Products;
			sourceTree = "<group>";
		};
		60CAF534240838AC0021FA6F /* Weather */ = {
			isa = PBXGroup;
			children = (
				60CAF56824083BF80021FA6F /* Framework Candidates */,
				60CAF557240838F20021FA6F /* App */,
				60874AD324085CEE00C7725A /* Logic */,
				60CAF558240838F60021FA6F /* Modules */,
				60CAF55B240839120021FA6F /* Supporting Files */,
			);
			path = Weather;
			sourceTree = "<group>";
		};
		60CAF54B240838AE0021FA6F /* WeatherTests */ = {
			isa = PBXGroup;
			children = (
				60CAF54C240838AE0021FA6F /* WeatherTests.swift */,
				60CAF54E240838AE0021FA6F /* Info.plist */,
			);
			path = WeatherTests;
			sourceTree = "<group>";
		};
		60CAF557240838F20021FA6F /* App */ = {
			isa = PBXGroup;
			children = (
				60CAF5F5240851A10021FA6F /* Localization */,
				60F3C17C240AB8A300DB4EED /* Settings */,
				60CAF559240838FF0021FA6F /* System */,
				60F3C175240AA38200DB4EED /* UI */,
			);
			path = App;
			sourceTree = "<group>";
		};
		60CAF558240838F60021FA6F /* Modules */ = {
			isa = PBXGroup;
			children = (
				6034ED05240AE9BE00C0F3D2 /* Root */,
				60CAF5F02408514F0021FA6F /* Cities */,
				603C7152240961FA005892D7 /* City Details */,
				60CAF55A240839090021FA6F /* Home */,
				60874AFF2409586000C7725A /* Settings */,
			);
			path = Modules;
			sourceTree = "<group>";
		};
		60CAF559240838FF0021FA6F /* System */ = {
			isa = PBXGroup;
			children = (
				60CAF535240838AC0021FA6F /* AppDelegate.swift */,
				60CAF537240838AC0021FA6F /* SceneDelegate.swift */,
			);
			path = System;
			sourceTree = "<group>";
		};
		60CAF55A240839090021FA6F /* Home */ = {
			isa = PBXGroup;
			children = (
				60CAF56424083BD70021FA6F /* HomeViewController.View.swift */,
				60CAF56524083BD70021FA6F /* HomeViewController.swift */,
				60874AF924094E3100C7725A /* HomeViewModel.swift */,
				60874AFB24094F2800C7725A /* HomeViewController.MapAdapter.swift */,
				60874AFD24094FE100C7725A /* HomeViewMapAnnotation.swift */,
			);
			path = Home;
			sourceTree = "<group>";
		};
		60CAF55B240839120021FA6F /* Supporting Files */ = {
			isa = PBXGroup;
			children = (
				60CAF540240838AE0021FA6F /* LaunchScreen.storyboard */,
				60CAF543240838AE0021FA6F /* Info.plist */,
				60CAF53E240838AE0021FA6F /* Assets.xcassets */,
				60F3C171240A9BE700DB4EED /* keys.plist */,
			);
			path = "Supporting Files";
			sourceTree = "<group>";
		};
		60CAF56824083BF80021FA6F /* Framework Candidates */ = {
			isa = PBXGroup;
			children = (
				60CAF5E2240849490021FA6F /* Open Weather */,
				60CAF56A24083C0B0021FA6F /* Core UI */,
				60CAF56924083C050021FA6F /* Core Logic */,
			);
			path = "Framework Candidates";
			sourceTree = "<group>";
		};
		60CAF56924083C050021FA6F /* Core Logic */ = {
			isa = PBXGroup;
			children = (
				60CAF5AA24083E800021FA6F /* Extensions */,
				60874AEB2409477700C7725A /* Services */,
				60CAF5EA24084D000021FA6F /* Threading */,
				60874AD924085D8400C7725A /* UserDefaults */,
				60874AD124085AEB00C7725A /* WeakHashTable.swift */,
			);
			path = "Core Logic";
			sourceTree = "<group>";
		};
		60CAF56A24083C0B0021FA6F /* Core UI */ = {
			isa = PBXGroup;
			children = (
				60CAF5AD24083E860021FA6F /* Auto layout */,
				60CAF5C324083E860021FA6F /* Extensions */,
				60874ACB24085AA400C7725A /* KeyboardManager */,
			);
			path = "Core UI";
			sourceTree = "<group>";
		};
		60CAF59F24083D110021FA6F /* Misc */ = {
			isa = PBXGroup;
			children = (
				60CAF5A224083D4D0021FA6F /* Pod */,
				60F3C173240A9DAC00DB4EED /* .gitignore */,
				60F3C174240A9DAC00DB4EED /* .swiftlint.yml */,
			);
			name = Misc;
			sourceTree = "<group>";
		};
		60CAF5A224083D4D0021FA6F /* Pod */ = {
			isa = PBXGroup;
			children = (
				60CAF5A424083DAB0021FA6F /* Podfile */,
			);
			name = Pod;
			sourceTree = "<group>";
		};
		60CAF5AA24083E800021FA6F /* Extensions */ = {
			isa = PBXGroup;
			children = (
				60874AE224085E9900C7725A /* Codable+Support.swift */,
				60CAF5AB24083E800021FA6F /* Collection+Tools.swift */,
			);
			path = Extensions;
			sourceTree = "<group>";
		};
		60CAF5AD24083E860021FA6F /* Auto layout */ = {
			isa = PBXGroup;
			children = (
				60CAF5AE24083E860021FA6F /* Models */,
				60CAF5B324083E860021FA6F /* Extensions */,
				60CAF5BB24083E860021FA6F /* Pinning */,
			);
			path = "Auto layout";
			sourceTree = "<group>";
		};
		60CAF5AE24083E860021FA6F /* Models */ = {
			isa = PBXGroup;
			children = (
				60CAF5AF24083E860021FA6F /* UIView+LayoutAreaType.swift */,
				60CAF5B024083E860021FA6F /* UIView.Edge.swift */,
				60CAF5B124083E860021FA6F /* UIView.LayoutArea.swift */,
				60CAF5B224083E860021FA6F /* UIView+ConstraintRelationsAround.swift */,
			);
			path = Models;
			sourceTree = "<group>";
		};
		60CAF5B324083E860021FA6F /* Extensions */ = {
			isa = PBXGroup;
			children = (
				60CAF5B424083E860021FA6F /* NSLayoutConstraint+AutoLayout.swift */,
				60CAF5B524083E860021FA6F /* NSLayoutYAxisAnchor+AutoLayout.swift */,
				60CAF5B624083E860021FA6F /* Array+NSLayoutConstraint.swift */,
				60CAF5B724083E860021FA6F /* NSLayoutXAxisAnchor+AutoLayout.swift */,
				60CAF5B824083E860021FA6F /* Collection+AutoLayout.swift */,
				60CAF5B924083E860021FA6F /* NSLayoutDimension+AutoLayout.swift */,
				60CAF5BA24083E860021FA6F /* NSLayoutConstraint+Relations+AutoLayout.swift */,
			);
			path = Extensions;
			sourceTree = "<group>";
		};
		60CAF5BB24083E860021FA6F /* Pinning */ = {
			isa = PBXGroup;
			children = (
				60CAF5BC24083E860021FA6F /* UIView+AutoLayoutPinEdges.swift */,
				60CAF5BD24083E860021FA6F /* UIView+AutoLayoutArea.swift */,
				60CAF5BE24083E860021FA6F /* UIView+AutoLayoutPinDimensions.swift */,
				60CAF5BF24083E860021FA6F /* UIView+AutoLayoutPinCenter.swift */,
				60CAF5C024083E860021FA6F /* UIView+AutoLayout.swift */,
				60CAF5C124083E860021FA6F /* UIView+AutoLayoutPinAlign.swift */,
				60CAF5C224083E860021FA6F /* UIView+AutoLayoutPinRelative.swift */,
			);
			path = Pinning;
			sourceTree = "<group>";
		};
		60CAF5C324083E860021FA6F /* Extensions */ = {
			isa = PBXGroup;
			children = (
				60CAF5E024083F870021FA6F /* UITraitCollection+Tools.swift */,
				60CAF5C424083E860021FA6F /* UICollectionView+Tools.swift */,
				60CAF5C524083E860021FA6F /* UITableView+Tools.swift */,
				60CAF5C624083E860021FA6F /* UIEdgeInsets+Tools.swift */,
				60CAF5C724083E860021FA6F /* NSDirectionalEdgeInsets+Tools.swift */,
				60874B082409590F00C7725A /* CGRect+Tools.swift */,
			);
			path = Extensions;
			sourceTree = "<group>";
		};
		60CAF5E2240849490021FA6F /* Open Weather */ = {
			isa = PBXGroup;
			children = (
				603C716C24097EFB005892D7 /* Models */,
				603C716524097E00005892D7 /* Weather */,
				60CAF5ED24084EAB0021FA6F /* Search helper */,
				60CAF5E32408495A0021FA6F /* City */,
			);
			path = "Open Weather";
			sourceTree = "<group>";
		};
		60CAF5E32408495A0021FA6F /* City */ = {
			isa = PBXGroup;
			children = (
				60CAF5E4240849680021FA6F /* city.list.json */,
				60CAF5E6240849A10021FA6F /* CitiesManager.swift */,
				60CAF5E8240849AA0021FA6F /* City.swift */,
			);
			path = City;
			sourceTree = "<group>";
		};
		60CAF5EA24084D000021FA6F /* Threading */ = {
			isa = PBXGroup;
			children = (
				60CAF5EB24084D160021FA6F /* DispatchTools.swift */,
			);
			path = Threading;
			sourceTree = "<group>";
		};
		60CAF5ED24084EAB0021FA6F /* Search helper */ = {
			isa = PBXGroup;
			children = (
				60CAF5EE24084EB10021FA6F /* SearchAccelerator.swift */,
			);
			path = "Search helper";
			sourceTree = "<group>";
		};
		60CAF5F02408514F0021FA6F /* Cities */ = {
			isa = PBXGroup;
			children = (
				60874AC8240855AD00C7725A /* Adapters */,
				60874AC52408551500C7725A /* Cells */,
				60CAF5F12408515F0021FA6F /* CityViewController.View.swift */,
				60CAF5F22408515F0021FA6F /* CityViewController.swift */,
				60874AC3240854AD00C7725A /* CityViewModel.swift */,
			);
			path = Cities;
			sourceTree = "<group>";
		};
		60CAF5F5240851A10021FA6F /* Localization */ = {
			isa = PBXGroup;
			children = (
				60CAF5F6240851AB0021FA6F /* Localization.swift */,
			);
			path = Localization;
			sourceTree = "<group>";
		};
		60F3C16E240A995B00DB4EED /* DAL */ = {
			isa = PBXGroup;
			children = (
				60F3C16C240A87C700DB4EED /* OpenWeatherDAL.swift */,
				60F3C16F240A996800DB4EED /* OpenWeatherService.swift */,
			);
			path = DAL;
			sourceTree = "<group>";
		};
		60F3C175240AA38200DB4EED /* UI */ = {
			isa = PBXGroup;
			children = (
				60F3C16A240A82C300DB4EED /* MinMaxTemperatureView.swift */,
				60F3C176240AA39100DB4EED /* GradientView.swift */,
				60F3C17A240AA81600DB4EED /* CurrentCondtionItemView.swift */,
			);
			path = UI;
			sourceTree = "<group>";
		};
		60F3C17C240AB8A300DB4EED /* Settings */ = {
			isa = PBXGroup;
			children = (
				60F3C17D240AB8AC00DB4EED /* SettingsService.swift */,
			);
			path = Settings;
			sourceTree = "<group>";
		};
		9D2027ED09C13CC38259A8AA /* Pods */ = {
			isa = PBXGroup;
			children = (
				3942EA457A67C70B92849F82 /* Pods-Weather.debug.xcconfig */,
				625F460E15221F0FC6644762 /* Pods-Weather.release.xcconfig */,
				52263CC137D6E85A495F14C5 /* Pods-WeatherTests.debug.xcconfig */,
				460E01533CB7B1BF93241B8A /* Pods-WeatherTests.release.xcconfig */,
			);
			path = Pods;
			sourceTree = "<group>";
		};
/* End PBXGroup section */

/* Begin PBXNativeTarget section */
		60CAF531240838AC0021FA6F /* Weather */ = {
			isa = PBXNativeTarget;
			buildConfigurationList = 60CAF551240838AE0021FA6F /* Build configuration list for PBXNativeTarget "Weather" */;
			buildPhases = (
				DBDCC665F4CBA6FD91630E04 /* [CP] Check Pods Manifest.lock */,
				60CAF5A924083DED0021FA6F /* Swiftlint */,
				60CAF52E240838AC0021FA6F /* Sources */,
				60CAF52F240838AC0021FA6F /* Frameworks */,
				60CAF530240838AC0021FA6F /* Resources */,
			);
			buildRules = (
			);
			dependencies = (
			);
			name = Weather;
			productName = Weather;
			productReference = 60CAF532240838AC0021FA6F /* Weather.app */;
			productType = "com.apple.product-type.application";
		};
		60CAF547240838AE0021FA6F /* WeatherTests */ = {
			isa = PBXNativeTarget;
			buildConfigurationList = 60CAF554240838AE0021FA6F /* Build configuration list for PBXNativeTarget "WeatherTests" */;
			buildPhases = (
				E26B6E2ABD4C0E0E46312BD4 /* [CP] Check Pods Manifest.lock */,
				60CAF544240838AE0021FA6F /* Sources */,
				60CAF545240838AE0021FA6F /* Frameworks */,
				60CAF546240838AE0021FA6F /* Resources */,
			);
			buildRules = (
			);
			dependencies = (
				60CAF54A240838AE0021FA6F /* PBXTargetDependency */,
			);
			name = WeatherTests;
			productName = WeatherTests;
			productReference = 60CAF548240838AE0021FA6F /* WeatherTests.xctest */;
			productType = "com.apple.product-type.bundle.unit-test";
		};
/* End PBXNativeTarget section */

/* Begin PBXProject section */
		60CAF52A240838AC0021FA6F /* Project object */ = {
			isa = PBXProject;
			attributes = {
				LastSwiftUpdateCheck = 1130;
				LastUpgradeCheck = 1130;
				ORGANIZATIONNAME = "Saren Inden";
				TargetAttributes = {
					60CAF531240838AC0021FA6F = {
						CreatedOnToolsVersion = 11.3.1;
					};
					60CAF547240838AE0021FA6F = {
						CreatedOnToolsVersion = 11.3.1;
						TestTargetID = 60CAF531240838AC0021FA6F;
					};
				};
			};
			buildConfigurationList = 60CAF52D240838AC0021FA6F /* Build configuration list for PBXProject "Weather" */;
			compatibilityVersion = "Xcode 9.3";
			developmentRegion = en;
			hasScannedForEncodings = 0;
			knownRegions = (
				en,
				Base,
			);
			mainGroup = 60CAF529240838AC0021FA6F;
			productRefGroup = 60CAF533240838AC0021FA6F /* Products */;
			projectDirPath = "";
			projectRoot = "";
			targets = (
				60CAF531240838AC0021FA6F /* Weather */,
				60CAF547240838AE0021FA6F /* WeatherTests */,
			);
		};
/* End PBXProject section */

/* Begin PBXResourcesBuildPhase section */
		60CAF530240838AC0021FA6F /* Resources */ = {
			isa = PBXResourcesBuildPhase;
			buildActionMask = 2147483647;
			files = (
				60CAF542240838AE0021FA6F /* LaunchScreen.storyboard in Resources */,
				60CAF53F240838AE0021FA6F /* Assets.xcassets in Resources */,
				60F3C172240A9BE700DB4EED /* keys.plist in Resources */,
				60CAF5E5240849680021FA6F /* city.list.json in Resources */,
			);
			runOnlyForDeploymentPostprocessing = 0;
		};
		60CAF546240838AE0021FA6F /* Resources */ = {
			isa = PBXResourcesBuildPhase;
			buildActionMask = 2147483647;
			files = (
			);
			runOnlyForDeploymentPostprocessing = 0;
		};
/* End PBXResourcesBuildPhase section */

/* Begin PBXShellScriptBuildPhase section */
		60CAF5A924083DED0021FA6F /* Swiftlint */ = {
			isa = PBXShellScriptBuildPhase;
			buildActionMask = 2147483647;
			files = (
			);
			inputFileListPaths = (
			);
			inputPaths = (
			);
			name = Swiftlint;
			outputFileListPaths = (
			);
			outputPaths = (
			);
			runOnlyForDeploymentPostprocessing = 0;
			shellPath = /bin/sh;
			shellScript = "${PODS_ROOT}/SwiftLint/swiftlint\n";
		};
		DBDCC665F4CBA6FD91630E04 /* [CP] Check Pods Manifest.lock */ = {
			isa = PBXShellScriptBuildPhase;
			buildActionMask = 2147483647;
			files = (
			);
			inputFileListPaths = (
			);
			inputPaths = (
				"${PODS_PODFILE_DIR_PATH}/Podfile.lock",
				"${PODS_ROOT}/Manifest.lock",
			);
			name = "[CP] Check Pods Manifest.lock";
			outputFileListPaths = (
			);
			outputPaths = (
				"$(DERIVED_FILE_DIR)/Pods-Weather-checkManifestLockResult.txt",
			);
			runOnlyForDeploymentPostprocessing = 0;
			shellPath = /bin/sh;
			shellScript = "diff \"${PODS_PODFILE_DIR_PATH}/Podfile.lock\" \"${PODS_ROOT}/Manifest.lock\" > /dev/null\nif [ $? != 0 ] ; then\n    # print error to STDERR\n    echo \"error: The sandbox is not in sync with the Podfile.lock. Run 'pod install' or update your CocoaPods installation.\" >&2\n    exit 1\nfi\n# This output is used by Xcode 'outputs' to avoid re-running this script phase.\necho \"SUCCESS\" > \"${SCRIPT_OUTPUT_FILE_0}\"\n";
			showEnvVarsInLog = 0;
		};
		E26B6E2ABD4C0E0E46312BD4 /* [CP] Check Pods Manifest.lock */ = {
			isa = PBXShellScriptBuildPhase;
			buildActionMask = 2147483647;
			files = (
			);
			inputFileListPaths = (
			);
			inputPaths = (
				"${PODS_PODFILE_DIR_PATH}/Podfile.lock",
				"${PODS_ROOT}/Manifest.lock",
			);
			name = "[CP] Check Pods Manifest.lock";
			outputFileListPaths = (
			);
			outputPaths = (
				"$(DERIVED_FILE_DIR)/Pods-WeatherTests-checkManifestLockResult.txt",
			);
			runOnlyForDeploymentPostprocessing = 0;
			shellPath = /bin/sh;
			shellScript = "diff \"${PODS_PODFILE_DIR_PATH}/Podfile.lock\" \"${PODS_ROOT}/Manifest.lock\" > /dev/null\nif [ $? != 0 ] ; then\n    # print error to STDERR\n    echo \"error: The sandbox is not in sync with the Podfile.lock. Run 'pod install' or update your CocoaPods installation.\" >&2\n    exit 1\nfi\n# This output is used by Xcode 'outputs' to avoid re-running this script phase.\necho \"SUCCESS\" > \"${SCRIPT_OUTPUT_FILE_0}\"\n";
			showEnvVarsInLog = 0;
		};
/* End PBXShellScriptBuildPhase section */

/* Begin PBXSourcesBuildPhase section */
		60CAF52E240838AC0021FA6F /* Sources */ = {
			isa = PBXSourcesBuildPhase;
			buildActionMask = 2147483647;
			files = (
				60F3C17B240AA81600DB4EED /* CurrentCondtionItemView.swift in Sources */,
				60F3C177240AA39100DB4EED /* GradientView.swift in Sources */,
				60874AEA240860FB00C7725A /* StoredCityAdapter.swift in Sources */,
				60CAF5CA24083E860021FA6F /* UIView.LayoutArea.swift in Sources */,
				60874AF32409477700C7725A /* Services+ServiceId.swift in Sources */,
				60F3C167240A7A0C00DB4EED /* CityDetailsHourlyWeatherCell.swift in Sources */,
				60874AD724085D2900C7725A /* Storage.swift in Sources */,
				60CAF5AC24083E800021FA6F /* Collection+Tools.swift in Sources */,
				60CAF5D424083E860021FA6F /* UIView+AutoLayoutArea.swift in Sources */,
				60874B092409590F00C7725A /* CGRect+Tools.swift in Sources */,
				60874AE124085D8400C7725A /* UserDefaultsKeyProvidable.swift in Sources */,
				60874B032409586E00C7725A /* SettingsViewController.swift in Sources */,
				60874B10240959E500C7725A /* SettingsTableController.Item.swift in Sources */,
				60F3C161240A531100DB4EED /* CityDetailsDailyWeatherCell.swift in Sources */,
				603C71552409620C005892D7 /* CityDetailsViewController.View.swift in Sources */,
				60F3C163240A71AF00DB4EED /* HourlyForecast.DayItem.swift in Sources */,
				6034ED04240AE9B900C0F3D2 /* RootViewController.swift in Sources */,
				601B6B9A240AEDA100E07BF4 /* RootViewContainer.swift in Sources */,
				60CAF5F32408515F0021FA6F /* CityViewController.View.swift in Sources */,
				603C715824096217005892D7 /* CityDetailsPresenter.swift in Sources */,
				60CAF5C824083E860021FA6F /* UIView+LayoutAreaType.swift in Sources */,
				60CAF5CE24083E860021FA6F /* Array+NSLayoutConstraint.swift in Sources */,
				603C71852409A296005892D7 /* CellLifecycle.swift in Sources */,
				60F3C180240ABA8000DB4EED /* SettingsSegmentTableCell.swift in Sources */,
				603C718B2409B086005892D7 /* WeatherIdToSymbolHelper.swift in Sources */,
				603C71562409620C005892D7 /* CityDetailsViewController.swift in Sources */,
				60CAF5F42408515F0021FA6F /* CityViewController.swift in Sources */,
				60CAF5D024083E860021FA6F /* Collection+AutoLayout.swift in Sources */,
				60CAF5D524083E860021FA6F /* UIView+AutoLayoutPinDimensions.swift in Sources */,
				60CAF536240838AC0021FA6F /* AppDelegate.swift in Sources */,
				60CAF5DD24083E860021FA6F /* NSDirectionalEdgeInsets+Tools.swift in Sources */,
				60CAF538240838AC0021FA6F /* SceneDelegate.swift in Sources */,
				60874B0E240959C800C7725A /* SettingsTableController.Section.swift in Sources */,
				603C717224098006005892D7 /* Wind.swift in Sources */,
				60874ADE24085D8400C7725A /* UserDefaults+Codable.swift in Sources */,
				60874AFE24094FE100C7725A /* HomeViewMapAnnotation.swift in Sources */,
				60CAF5D124083E860021FA6F /* NSLayoutDimension+AutoLayout.swift in Sources */,
				60874AC72408552200C7725A /* SearchCityCell.swift in Sources */,
				60874AFC24094F2800C7725A /* HomeViewController.MapAdapter.swift in Sources */,
				60874ACF24085AB700C7725A /* KeyboardManager+Tools.swift in Sources */,
				60CAF5D724083E860021FA6F /* UIView+AutoLayout.swift in Sources */,
				60F3C179240AA7B100DB4EED /* CityDetailsCurrentConditionsCell.swift in Sources */,
				60874ACA240855B900C7725A /* SearchCityTableAdapter.swift in Sources */,
				60CAF5F7240851AB0021FA6F /* Localization.swift in Sources */,
				60CAF56624083BD70021FA6F /* HomeViewController.View.swift in Sources */,
				60874AD224085AEB00C7725A /* WeakHashTable.swift in Sources */,
				60874AF42409477700C7725A /* Services.swift in Sources */,
				60CAF5DF24083EE70021FA6F /* RootMenuButton.swift in Sources */,
				603C71872409A5F0005892D7 /* CityDetailsErrorCell.swift in Sources */,
				601B6B98240AECAA00E07BF4 /* RootSideMenuModel.swift in Sources */,
				60874AC4240854AD00C7725A /* CityViewModel.swift in Sources */,
				603C716724097E14005892D7 /* WeatherBll.swift in Sources */,
				60CAF5CF24083E860021FA6F /* NSLayoutXAxisAnchor+AutoLayout.swift in Sources */,
				60874AF62409477700C7725A /* Service.swift in Sources */,
				60F3C183240ADADC00DB4EED /* Rain.swift in Sources */,
				603C716A24097EEC005892D7 /* TodayWeather.swift in Sources */,
				603C71642409658B005892D7 /* CityDetailsCityCell.swift in Sources */,
				60CAF5EC24084D160021FA6F /* DispatchTools.swift in Sources */,
				60CAF5DB24083E860021FA6F /* UITableView+Tools.swift in Sources */,
				60CAF5D224083E860021FA6F /* NSLayoutConstraint+Relations+AutoLayout.swift in Sources */,
				60874B0B2409597F00C7725A /* SettingsTableController.swift in Sources */,
				603C715D240963E0005892D7 /* CityDetailTableAdapter.swift in Sources */,
				60874AE024085D8400C7725A /* UserDefaults+Container.swift in Sources */,
				603C7180240997F8005892D7 /* HourlyForecasts.HourlyItem.swift in Sources */,
				60874ACD24085AA900C7725A /* KeyboardManager.swift in Sources */,
				60874AE624085ECE00C7725A /* CityStorage.swift in Sources */,
				60F3C16D240A87C700DB4EED /* OpenWeatherDAL.swift in Sources */,
				60CAF5D924083E860021FA6F /* UIView+AutoLayoutPinRelative.swift in Sources */,
				60CAF5DC24083E860021FA6F /* UIEdgeInsets+Tools.swift in Sources */,
				60F3C165240A76F500DB4EED /* CityDetailsHourlyForecastCell.swift in Sources */,
				60874B07240958A200C7725A /* SettingsViewModel.swift in Sources */,
				60874B022409586E00C7725A /* SettingsViewController.View.swift in Sources */,
				60CAF5E124083F870021FA6F /* UITraitCollection+Tools.swift in Sources */,
				60874AF82409477700C7725A /* ServiceProvider.swift in Sources */,
				603C715F24096462005892D7 /* CityDetailTableAdapter.Item.swift in Sources */,
				60CAF5CC24083E860021FA6F /* NSLayoutConstraint+AutoLayout.swift in Sources */,
				60CAF5DA24083E860021FA6F /* UICollectionView+Tools.swift in Sources */,
				60CAF5D324083E860021FA6F /* UIView+AutoLayoutPinEdges.swift in Sources */,
				60874AFA24094E3100C7725A /* HomeViewModel.swift in Sources */,
				60874ADF24085D8400C7725A /* UserDefaults+CustomStringConvertibleKeys.swift in Sources */,
				60CAF5C924083E860021FA6F /* UIView.Edge.swift in Sources */,
				60CAF5D824083E860021FA6F /* UIView+AutoLayoutPinAlign.swift in Sources */,
				60F3C16B240A82C300DB4EED /* MinMaxTemperatureView.swift in Sources */,
				603C717624098153005892D7 /* Clouds.swift in Sources */,
				60874AE8240860E600C7725A /* StoredCityCell.swift in Sources */,
				60F3C169240A80BB00DB4EED /* CityDetailsDayTitleCell.swift in Sources */,
				603C717824098329005892D7 /* SunTimes.swift in Sources */,
				60CAF5D624083E860021FA6F /* UIView+AutoLayoutPinCenter.swift in Sources */,
				60CAF5EF24084EB10021FA6F /* SearchAccelerator.swift in Sources */,
				603C717C24099667005892D7 /* HourlyForecasts.swift in Sources */,
				60874AF52409477700C7725A /* Services+Error.swift in Sources */,
				603C71742409805E005892D7 /* WeatherDetails.swift in Sources */,
				603C716E24097F02005892D7 /* Coordinates.swift in Sources */,
				60F3C170240A996800DB4EED /* OpenWeatherService.swift in Sources */,
				60CAF5E7240849A10021FA6F /* CitiesManager.swift in Sources */,
				60CAF56724083BD70021FA6F /* HomeViewController.swift in Sources */,
				603C718224099FB2005892D7 /* CityDetailsLoadingCell.swift in Sources */,
				603C716124096480005892D7 /* CityDetailTableAdapter.Section.swift in Sources */,
				603C715A2409622F005892D7 /* CityDetailsViewModel.swift in Sources */,
				603C717024097FC4005892D7 /* Weather.swift in Sources */,
				603C715124095D6F005892D7 /* SettingsTableCell.swift in Sources */,
				60CAF5E9240849AA0021FA6F /* City.swift in Sources */,
				60F3C17E240AB8AC00DB4EED /* SettingsService.swift in Sources */,
				603C718D2409B7E0005892D7 /* CityDetailsCurrentWeatherCell.swift in Sources */,
				60874AE324085E9900C7725A /* Codable+Support.swift in Sources */,
				60CAF5CB24083E860021FA6F /* UIView+ConstraintRelationsAround.swift in Sources */,
				60874AF72409477700C7725A /* InitializableService.swift in Sources */,
				60CAF5CD24083E860021FA6F /* NSLayoutYAxisAnchor+AutoLayout.swift in Sources */,
				60874AD824085D2900C7725A /* StorageContainer.swift in Sources */,
			);
			runOnlyForDeploymentPostprocessing = 0;
		};
		60CAF544240838AE0021FA6F /* Sources */ = {
			isa = PBXSourcesBuildPhase;
			buildActionMask = 2147483647;
			files = (
				60CAF54D240838AE0021FA6F /* WeatherTests.swift in Sources */,
			);
			runOnlyForDeploymentPostprocessing = 0;
		};
/* End PBXSourcesBuildPhase section */

/* Begin PBXTargetDependency section */
		60CAF54A240838AE0021FA6F /* PBXTargetDependency */ = {
			isa = PBXTargetDependency;
			target = 60CAF531240838AC0021FA6F /* Weather */;
			targetProxy = 60CAF549240838AE0021FA6F /* PBXContainerItemProxy */;
		};
/* End PBXTargetDependency section */

/* Begin PBXVariantGroup section */
		60CAF540240838AE0021FA6F /* LaunchScreen.storyboard */ = {
			isa = PBXVariantGroup;
			children = (
				60CAF541240838AE0021FA6F /* Base */,
			);
			name = LaunchScreen.storyboard;
			sourceTree = "<group>";
		};
/* End PBXVariantGroup section */

/* Begin XCBuildConfiguration section */
		60CAF54F240838AE0021FA6F /* Debug */ = {
			isa = XCBuildConfiguration;
			buildSettings = {
				ALWAYS_SEARCH_USER_PATHS = NO;
				CLANG_ANALYZER_NONNULL = YES;
				CLANG_ANALYZER_NUMBER_OBJECT_CONVERSION = YES_AGGRESSIVE;
				CLANG_CXX_LANGUAGE_STANDARD = "gnu++14";
				CLANG_CXX_LIBRARY = "libc++";
				CLANG_ENABLE_MODULES = YES;
				CLANG_ENABLE_OBJC_ARC = YES;
				CLANG_ENABLE_OBJC_WEAK = YES;
				CLANG_WARN_BLOCK_CAPTURE_AUTORELEASING = YES;
				CLANG_WARN_BOOL_CONVERSION = YES;
				CLANG_WARN_COMMA = YES;
				CLANG_WARN_CONSTANT_CONVERSION = YES;
				CLANG_WARN_DEPRECATED_OBJC_IMPLEMENTATIONS = YES;
				CLANG_WARN_DIRECT_OBJC_ISA_USAGE = YES_ERROR;
				CLANG_WARN_DOCUMENTATION_COMMENTS = YES;
				CLANG_WARN_EMPTY_BODY = YES;
				CLANG_WARN_ENUM_CONVERSION = YES;
				CLANG_WARN_INFINITE_RECURSION = YES;
				CLANG_WARN_INT_CONVERSION = YES;
				CLANG_WARN_NON_LITERAL_NULL_CONVERSION = YES;
				CLANG_WARN_OBJC_IMPLICIT_RETAIN_SELF = YES;
				CLANG_WARN_OBJC_LITERAL_CONVERSION = YES;
				CLANG_WARN_OBJC_ROOT_CLASS = YES_ERROR;
				CLANG_WARN_RANGE_LOOP_ANALYSIS = YES;
				CLANG_WARN_STRICT_PROTOTYPES = YES;
				CLANG_WARN_SUSPICIOUS_MOVE = YES;
				CLANG_WARN_UNGUARDED_AVAILABILITY = YES_AGGRESSIVE;
				CLANG_WARN_UNREACHABLE_CODE = YES;
				CLANG_WARN__DUPLICATE_METHOD_MATCH = YES;
				COPY_PHASE_STRIP = NO;
				DEBUG_INFORMATION_FORMAT = dwarf;
				ENABLE_STRICT_OBJC_MSGSEND = YES;
				ENABLE_TESTABILITY = YES;
				GCC_C_LANGUAGE_STANDARD = gnu11;
				GCC_DYNAMIC_NO_PIC = NO;
				GCC_NO_COMMON_BLOCKS = YES;
				GCC_OPTIMIZATION_LEVEL = 0;
				GCC_PREPROCESSOR_DEFINITIONS = (
					"DEBUG=1",
					"$(inherited)",
				);
				GCC_WARN_64_TO_32_BIT_CONVERSION = YES;
				GCC_WARN_ABOUT_RETURN_TYPE = YES_ERROR;
				GCC_WARN_UNDECLARED_SELECTOR = YES;
				GCC_WARN_UNINITIALIZED_AUTOS = YES_AGGRESSIVE;
				GCC_WARN_UNUSED_FUNCTION = YES;
				GCC_WARN_UNUSED_VARIABLE = YES;
				IPHONEOS_DEPLOYMENT_TARGET = 13.2;
				MTL_ENABLE_DEBUG_INFO = INCLUDE_SOURCE;
				MTL_FAST_MATH = YES;
				ONLY_ACTIVE_ARCH = YES;
				SDKROOT = iphoneos;
				SWIFT_ACTIVE_COMPILATION_CONDITIONS = DEBUG;
				SWIFT_OPTIMIZATION_LEVEL = "-Onone";
			};
			name = Debug;
		};
		60CAF550240838AE0021FA6F /* Release */ = {
			isa = XCBuildConfiguration;
			buildSettings = {
				ALWAYS_SEARCH_USER_PATHS = NO;
				CLANG_ANALYZER_NONNULL = YES;
				CLANG_ANALYZER_NUMBER_OBJECT_CONVERSION = YES_AGGRESSIVE;
				CLANG_CXX_LANGUAGE_STANDARD = "gnu++14";
				CLANG_CXX_LIBRARY = "libc++";
				CLANG_ENABLE_MODULES = YES;
				CLANG_ENABLE_OBJC_ARC = YES;
				CLANG_ENABLE_OBJC_WEAK = YES;
				CLANG_WARN_BLOCK_CAPTURE_AUTORELEASING = YES;
				CLANG_WARN_BOOL_CONVERSION = YES;
				CLANG_WARN_COMMA = YES;
				CLANG_WARN_CONSTANT_CONVERSION = YES;
				CLANG_WARN_DEPRECATED_OBJC_IMPLEMENTATIONS = YES;
				CLANG_WARN_DIRECT_OBJC_ISA_USAGE = YES_ERROR;
				CLANG_WARN_DOCUMENTATION_COMMENTS = YES;
				CLANG_WARN_EMPTY_BODY = YES;
				CLANG_WARN_ENUM_CONVERSION = YES;
				CLANG_WARN_INFINITE_RECURSION = YES;
				CLANG_WARN_INT_CONVERSION = YES;
				CLANG_WARN_NON_LITERAL_NULL_CONVERSION = YES;
				CLANG_WARN_OBJC_IMPLICIT_RETAIN_SELF = YES;
				CLANG_WARN_OBJC_LITERAL_CONVERSION = YES;
				CLANG_WARN_OBJC_ROOT_CLASS = YES_ERROR;
				CLANG_WARN_RANGE_LOOP_ANALYSIS = YES;
				CLANG_WARN_STRICT_PROTOTYPES = YES;
				CLANG_WARN_SUSPICIOUS_MOVE = YES;
				CLANG_WARN_UNGUARDED_AVAILABILITY = YES_AGGRESSIVE;
				CLANG_WARN_UNREACHABLE_CODE = YES;
				CLANG_WARN__DUPLICATE_METHOD_MATCH = YES;
				COPY_PHASE_STRIP = NO;
				DEBUG_INFORMATION_FORMAT = "dwarf-with-dsym";
				ENABLE_NS_ASSERTIONS = NO;
				ENABLE_STRICT_OBJC_MSGSEND = YES;
				GCC_C_LANGUAGE_STANDARD = gnu11;
				GCC_NO_COMMON_BLOCKS = YES;
				GCC_WARN_64_TO_32_BIT_CONVERSION = YES;
				GCC_WARN_ABOUT_RETURN_TYPE = YES_ERROR;
				GCC_WARN_UNDECLARED_SELECTOR = YES;
				GCC_WARN_UNINITIALIZED_AUTOS = YES_AGGRESSIVE;
				GCC_WARN_UNUSED_FUNCTION = YES;
				GCC_WARN_UNUSED_VARIABLE = YES;
				IPHONEOS_DEPLOYMENT_TARGET = 13.2;
				MTL_ENABLE_DEBUG_INFO = NO;
				MTL_FAST_MATH = YES;
				SDKROOT = iphoneos;
				SWIFT_COMPILATION_MODE = wholemodule;
				SWIFT_OPTIMIZATION_LEVEL = "-O";
				VALIDATE_PRODUCT = YES;
			};
			name = Release;
		};
		60CAF552240838AE0021FA6F /* Debug */ = {
			isa = XCBuildConfiguration;
			baseConfigurationReference = 3942EA457A67C70B92849F82 /* Pods-Weather.debug.xcconfig */;
			buildSettings = {
				ASSETCATALOG_COMPILER_APPICON_NAME = AppIcon;
				CODE_SIGN_IDENTITY = "Apple Development";
				CODE_SIGN_STYLE = Automatic;
				DEVELOPMENT_TEAM = 5H58A6UQ96;
				INFOPLIST_FILE = "Weather/supporting files/Info.plist";
				LD_RUNPATH_SEARCH_PATHS = (
					"$(inherited)",
					"@executable_path/Frameworks",
				);
				PRODUCT_BUNDLE_IDENTIFIER = nl.sareninden.weather.app;
				PRODUCT_NAME = "$(TARGET_NAME)";
				PROVISIONING_PROFILE_SPECIFIER = "";
				SWIFT_VERSION = 5.0;
				TARGETED_DEVICE_FAMILY = "1,2";
			};
			name = Debug;
		};
		60CAF553240838AE0021FA6F /* Release */ = {
			isa = XCBuildConfiguration;
			baseConfigurationReference = 625F460E15221F0FC6644762 /* Pods-Weather.release.xcconfig */;
			buildSettings = {
				ASSETCATALOG_COMPILER_APPICON_NAME = AppIcon;
				CODE_SIGN_IDENTITY = "Apple Development";
				CODE_SIGN_STYLE = Automatic;
				DEVELOPMENT_TEAM = 5H58A6UQ96;
				INFOPLIST_FILE = "Weather/supporting files/Info.plist";
				LD_RUNPATH_SEARCH_PATHS = (
					"$(inherited)",
					"@executable_path/Frameworks",
				);
				PRODUCT_BUNDLE_IDENTIFIER = nl.sareninden.weather.app;
				PRODUCT_NAME = "$(TARGET_NAME)";
				PROVISIONING_PROFILE_SPECIFIER = "";
				SWIFT_VERSION = 5.0;
				TARGETED_DEVICE_FAMILY = "1,2";
			};
			name = Release;
		};
		60CAF555240838AE0021FA6F /* Debug */ = {
			isa = XCBuildConfiguration;
			baseConfigurationReference = 52263CC137D6E85A495F14C5 /* Pods-WeatherTests.debug.xcconfig */;
			buildSettings = {
				ALWAYS_EMBED_SWIFT_STANDARD_LIBRARIES = YES;
				BUNDLE_LOADER = "$(TEST_HOST)";
				CODE_SIGN_STYLE = Automatic;
				DEVELOPMENT_TEAM = 8XR85L65Y4;
				INFOPLIST_FILE = WeatherTests/Info.plist;
				IPHONEOS_DEPLOYMENT_TARGET = 13.2;
				LD_RUNPATH_SEARCH_PATHS = (
					"$(inherited)",
					"@executable_path/Frameworks",
					"@loader_path/Frameworks",
				);
				PRODUCT_BUNDLE_IDENTIFIER = nl.sareninden.WeatherTests;
				PRODUCT_NAME = "$(TARGET_NAME)";
				SWIFT_VERSION = 5.0;
				TARGETED_DEVICE_FAMILY = "1,2";
				TEST_HOST = "$(BUILT_PRODUCTS_DIR)/Weather.app/Weather";
			};
			name = Debug;
		};
		60CAF556240838AE0021FA6F /* Release */ = {
			isa = XCBuildConfiguration;
			baseConfigurationReference = 460E01533CB7B1BF93241B8A /* Pods-WeatherTests.release.xcconfig */;
			buildSettings = {
				ALWAYS_EMBED_SWIFT_STANDARD_LIBRARIES = YES;
				BUNDLE_LOADER = "$(TEST_HOST)";
				CODE_SIGN_STYLE = Automatic;
				DEVELOPMENT_TEAM = 8XR85L65Y4;
				INFOPLIST_FILE = WeatherTests/Info.plist;
				IPHONEOS_DEPLOYMENT_TARGET = 13.2;
				LD_RUNPATH_SEARCH_PATHS = (
					"$(inherited)",
					"@executable_path/Frameworks",
					"@loader_path/Frameworks",
				);
				PRODUCT_BUNDLE_IDENTIFIER = nl.sareninden.WeatherTests;
				PRODUCT_NAME = "$(TARGET_NAME)";
				SWIFT_VERSION = 5.0;
				TARGETED_DEVICE_FAMILY = "1,2";
				TEST_HOST = "$(BUILT_PRODUCTS_DIR)/Weather.app/Weather";
			};
			name = Release;
		};
/* End XCBuildConfiguration section */

/* Begin XCConfigurationList section */
		60CAF52D240838AC0021FA6F /* Build configuration list for PBXProject "Weather" */ = {
			isa = XCConfigurationList;
			buildConfigurations = (
				60CAF54F240838AE0021FA6F /* Debug */,
				60CAF550240838AE0021FA6F /* Release */,
			);
			defaultConfigurationIsVisible = 0;
			defaultConfigurationName = Release;
		};
		60CAF551240838AE0021FA6F /* Build configuration list for PBXNativeTarget "Weather" */ = {
			isa = XCConfigurationList;
			buildConfigurations = (
				60CAF552240838AE0021FA6F /* Debug */,
				60CAF553240838AE0021FA6F /* Release */,
			);
			defaultConfigurationIsVisible = 0;
			defaultConfigurationName = Release;
		};
		60CAF554240838AE0021FA6F /* Build configuration list for PBXNativeTarget "WeatherTests" */ = {
			isa = XCConfigurationList;
			buildConfigurations = (
				60CAF555240838AE0021FA6F /* Debug */,
				60CAF556240838AE0021FA6F /* Release */,
			);
			defaultConfigurationIsVisible = 0;
			defaultConfigurationName = Release;
		};
/* End XCConfigurationList section */
	};
	rootObject = 60CAF52A240838AC0021FA6F /* Project object */;
}
